// !$*UTF8*$!
{
	archiveVersion = 1;
	classes = {
	};
	objectVersion = 46;
	objects = {

/* Begin PBXBuildFile section */
		D715857816660AD100889FA4 /* SFRootViewController.m in Sources */ = {isa = PBXBuildFile; fileRef = D715857716660AD100889FA4 /* SFRootViewController.m */; };
		D72E75D2167AEBD7007AECF6 /* SFQuestionService.m in Sources */ = {isa = PBXBuildFile; fileRef = D72E75D1167AEBD7007AECF6 /* SFQuestionService.m */; };
		D72E75D5167AEC4E007AECF6 /* SFQuestion.m in Sources */ = {isa = PBXBuildFile; fileRef = D72E75D4167AEC4E007AECF6 /* SFQuestion.m */; };
		D73F5598167883DE00F15949 /* SFQuestionDetailViewController.m in Sources */ = {isa = PBXBuildFile; fileRef = D73F5597167883DE00F15949 /* SFQuestionDetailViewController.m */; };
		D73F55A1167885B700F15949 /* SFWebViewController.m in Sources */ = {isa = PBXBuildFile; fileRef = D73F55A0167885B700F15949 /* SFWebViewController.m */; };
		D73F55AB167886CC00F15949 /* goBackItem.png in Resources */ = {isa = PBXBuildFile; fileRef = D73F55A7167886CC00F15949 /* goBackItem.png */; };
		D73F55AC167886CC00F15949 /* goBackItem@2x.png in Resources */ = {isa = PBXBuildFile; fileRef = D73F55A8167886CC00F15949 /* goBackItem@2x.png */; };
		D73F55AD167886CC00F15949 /* goForwardItem.png in Resources */ = {isa = PBXBuildFile; fileRef = D73F55A9167886CC00F15949 /* goForwardItem.png */; };
		D73F55AE167886CC00F15949 /* goForwardItem@2x.png in Resources */ = {isa = PBXBuildFile; fileRef = D73F55AA167886CC00F15949 /* goForwardItem@2x.png */; };
		D7734D5D1684B7AB000170FC /* sr_refresh.png in Resources */ = {isa = PBXBuildFile; fileRef = D7734D561684B7AB000170FC /* sr_refresh.png */; };
		D7734D5E1684B7AB000170FC /* sr_refresh@2X.png in Resources */ = {isa = PBXBuildFile; fileRef = D7734D571684B7AB000170FC /* sr_refresh@2X.png */; };
		D7734D5F1684B7AB000170FC /* SRRefreshView.m in Sources */ = {isa = PBXBuildFile; fileRef = D7734D5A1684B7AB000170FC /* SRRefreshView.m */; };
		D7734D601684B7AB000170FC /* SRSlimeView.m in Sources */ = {isa = PBXBuildFile; fileRef = D7734D5C1684B7AB000170FC /* SRSlimeView.m */; };
		D7734D751684BE93000170FC /* AFHTTPClient.m in Sources */ = {isa = PBXBuildFile; fileRef = D7734D631684BE93000170FC /* AFHTTPClient.m */; };
		D7734D761684BE93000170FC /* AFHTTPRequestOperation.m in Sources */ = {isa = PBXBuildFile; fileRef = D7734D651684BE93000170FC /* AFHTTPRequestOperation.m */; };
		D7734D771684BE93000170FC /* AFImageRequestOperation.m in Sources */ = {isa = PBXBuildFile; fileRef = D7734D671684BE93000170FC /* AFImageRequestOperation.m */; };
		D7734D781684BE93000170FC /* AFJSONRequestOperation.m in Sources */ = {isa = PBXBuildFile; fileRef = D7734D691684BE93000170FC /* AFJSONRequestOperation.m */; };
		D7734D791684BE93000170FC /* AFNetworkActivityIndicatorManager.m in Sources */ = {isa = PBXBuildFile; fileRef = D7734D6B1684BE93000170FC /* AFNetworkActivityIndicatorManager.m */; };
		D7734D7A1684BE93000170FC /* AFPropertyListRequestOperation.m in Sources */ = {isa = PBXBuildFile; fileRef = D7734D6E1684BE93000170FC /* AFPropertyListRequestOperation.m */; };
		D7734D7B1684BE93000170FC /* AFURLConnectionOperation.m in Sources */ = {isa = PBXBuildFile; fileRef = D7734D701684BE93000170FC /* AFURLConnectionOperation.m */; };
		D7734D7C1684BE93000170FC /* AFXMLRequestOperation.m in Sources */ = {isa = PBXBuildFile; fileRef = D7734D721684BE93000170FC /* AFXMLRequestOperation.m */; };
		D7734D7D1684BE93000170FC /* UIImageView+AFNetworking.m in Sources */ = {isa = PBXBuildFile; fileRef = D7734D741684BE93000170FC /* UIImageView+AFNetworking.m */; };
		D77CE21B16611B8B00F1BC9E /* UIKit.framework in Frameworks */ = {isa = PBXBuildFile; fileRef = D77CE21A16611B8B00F1BC9E /* UIKit.framework */; };
		D77CE21D16611B8B00F1BC9E /* Foundation.framework in Frameworks */ = {isa = PBXBuildFile; fileRef = D77CE21C16611B8B00F1BC9E /* Foundation.framework */; };
		D77CE21F16611B8B00F1BC9E /* CoreGraphics.framework in Frameworks */ = {isa = PBXBuildFile; fileRef = D77CE21E16611B8B00F1BC9E /* CoreGraphics.framework */; };
		D77CE22516611B8B00F1BC9E /* InfoPlist.strings in Resources */ = {isa = PBXBuildFile; fileRef = D77CE22316611B8B00F1BC9E /* InfoPlist.strings */; };
		D77CE22716611B8B00F1BC9E /* main.m in Sources */ = {isa = PBXBuildFile; fileRef = D77CE22616611B8B00F1BC9E /* main.m */; };
		D77CE22B16611B8B00F1BC9E /* SFAppDelegate.m in Sources */ = {isa = PBXBuildFile; fileRef = D77CE22A16611B8B00F1BC9E /* SFAppDelegate.m */; };
		D78E55DD1685B935002D38FC /* UMNavigationController.m in Sources */ = {isa = PBXBuildFile; fileRef = D78E55D61685B935002D38FC /* UMNavigationController.m */; };
		D78E55DE1685B935002D38FC /* UMSlideNavigationController.m in Sources */ = {isa = PBXBuildFile; fileRef = D78E55D81685B935002D38FC /* UMSlideNavigationController.m */; };
		D78E55DF1685B935002D38FC /* UMTools.m in Sources */ = {isa = PBXBuildFile; fileRef = D78E55DA1685B935002D38FC /* UMTools.m */; };
		D78E55E01685B935002D38FC /* UMViewController.m in Sources */ = {isa = PBXBuildFile; fileRef = D78E55DC1685B935002D38FC /* UMViewController.m */; };
		D797EA001683729300D30894 /* slide_navigator_shadow.png in Resources */ = {isa = PBXBuildFile; fileRef = D797E9FE1683729300D30894 /* slide_navigator_shadow.png */; };
		D797EA011683729300D30894 /* slide_navigator_shadow@2x.png in Resources */ = {isa = PBXBuildFile; fileRef = D797E9FF1683729300D30894 /* slide_navigator_shadow@2x.png */; };
		D79826CC1663A33900054585 /* CFNetwork.framework in Frameworks */ = {isa = PBXBuildFile; fileRef = D79826CB1663A33900054585 /* CFNetwork.framework */; };
		D79826CE1663A37400054585 /* SystemConfiguration.framework in Frameworks */ = {isa = PBXBuildFile; fileRef = D79826CD1663A37400054585 /* SystemConfiguration.framework */; };
		D79826D01663A37C00054585 /* MobileCoreServices.framework in Frameworks */ = {isa = PBXBuildFile; fileRef = D79826CF1663A37C00054585 /* MobileCoreServices.framework */; };
		D79826D21663A38400054585 /* QuartzCore.framework in Frameworks */ = {isa = PBXBuildFile; fileRef = D79826D11663A38400054585 /* QuartzCore.framework */; };
		D79826D41663A3A500054585 /* libz.1.2.5.dylib in Frameworks */ = {isa = PBXBuildFile; fileRef = D79826D31663A3A500054585 /* libz.1.2.5.dylib */; };
		D79826DE1663AE5400054585 /* SFSlideNavViewController.m in Sources */ = {isa = PBXBuildFile; fileRef = D79826DD1663AE5400054585 /* SFSlideNavViewController.m */; };
		D7A9868316845EE200AB9A61 /* qlist_cell_pop.png in Resources */ = {isa = PBXBuildFile; fileRef = D7A9867D16845EE200AB9A61 /* qlist_cell_pop.png */; };
		D7A9868416845EE200AB9A61 /* qlist_cell_pop@2x.png in Resources */ = {isa = PBXBuildFile; fileRef = D7A9867E16845EE200AB9A61 /* qlist_cell_pop@2x.png */; };
		D7A9868516845EE200AB9A61 /* qlist_cell_pop_unanswered.png in Resources */ = {isa = PBXBuildFile; fileRef = D7A9867F16845EE200AB9A61 /* qlist_cell_pop_unanswered.png */; };
		D7A9868616845EE200AB9A61 /* qlist_cell_pop_unanswered@2x.png in Resources */ = {isa = PBXBuildFile; fileRef = D7A9868016845EE200AB9A61 /* qlist_cell_pop_unanswered@2x.png */; };
		D7A9868716845EE200AB9A61 /* qlist_cell_selected_background.png in Resources */ = {isa = PBXBuildFile; fileRef = D7A9868116845EE200AB9A61 /* qlist_cell_selected_background.png */; };
		D7A9868816845EE200AB9A61 /* qlist_cell_selected_background@2x.png in Resources */ = {isa = PBXBuildFile; fileRef = D7A9868216845EE200AB9A61 /* qlist_cell_selected_background@2x.png */; };
		D7B217C01685CC3B001269EB /* Kache.m in Sources */ = {isa = PBXBuildFile; fileRef = D7B217B31685CC3B001269EB /* Kache.m */; };
		D7B217C11685CC3B001269EB /* KHolder.m in Sources */ = {isa = PBXBuildFile; fileRef = D7B217B71685CC3B001269EB /* KHolder.m */; };
		D7B217C21685CC3B001269EB /* KObject.m in Sources */ = {isa = PBXBuildFile; fileRef = D7B217B91685CC3B001269EB /* KObject.m */; };
		D7B217C31685CC3B001269EB /* KPool.m in Sources */ = {isa = PBXBuildFile; fileRef = D7B217BB1685CC3B001269EB /* KPool.m */; };
		D7B217C41685CC3B001269EB /* KQueue.m in Sources */ = {isa = PBXBuildFile; fileRef = D7B217BD1685CC3B001269EB /* KQueue.m */; };
		D7B217C51685CC3B001269EB /* KUtil.m in Sources */ = {isa = PBXBuildFile; fileRef = D7B217BF1685CC3B001269EB /* KUtil.m */; };
		D7BA11861670BE8E00ADA329 /* SFTools.m in Sources */ = {isa = PBXBuildFile; fileRef = D7BA11851670BE8E00ADA329 /* SFTools.m */; };
		D7C09C6C166323090066EAF5 /* Default-568h@2x.png in Resources */ = {isa = PBXBuildFile; fileRef = D7C09C69166323090066EAF5 /* Default-568h@2x.png */; };
		D7C09C6D166323090066EAF5 /* Default.png in Resources */ = {isa = PBXBuildFile; fileRef = D7C09C6A166323090066EAF5 /* Default.png */; };
		D7C09C6E166323090066EAF5 /* Default@2x.png in Resources */ = {isa = PBXBuildFile; fileRef = D7C09C6B166323090066EAF5 /* Default@2x.png */; };
		D7D006091679DB2700F3E107 /* SFLoginViewController.m in Sources */ = {isa = PBXBuildFile; fileRef = D7D006081679DB2700F3E107 /* SFLoginViewController.m */; };
		D7D4F32516635B5B003B43EE /* Icon-72.png in Resources */ = {isa = PBXBuildFile; fileRef = D7D4F31E16635B5B003B43EE /* Icon-72.png */; };
		D7D4F32616635B5B003B43EE /* Icon-Small-50.png in Resources */ = {isa = PBXBuildFile; fileRef = D7D4F31F16635B5B003B43EE /* Icon-Small-50.png */; };
		D7D4F32716635B5B003B43EE /* Icon-Small.png in Resources */ = {isa = PBXBuildFile; fileRef = D7D4F32016635B5B003B43EE /* Icon-Small.png */; };
		D7D4F32816635B5B003B43EE /* Icon-Small@2x.png in Resources */ = {isa = PBXBuildFile; fileRef = D7D4F32116635B5B003B43EE /* Icon-Small@2x.png */; };
		D7D4F32916635B5B003B43EE /* Icon.png in Resources */ = {isa = PBXBuildFile; fileRef = D7D4F32216635B5B003B43EE /* Icon.png */; };
		D7D4F32A16635B5B003B43EE /* Icon@2x.png in Resources */ = {isa = PBXBuildFile; fileRef = D7D4F32316635B5B003B43EE /* Icon@2x.png */; };
		D7D4F32B16635B5B003B43EE /* iTunesArtwork.png in Resources */ = {isa = PBXBuildFile; fileRef = D7D4F32416635B5B003B43EE /* iTunesArtwork.png */; };
		D7D4F33A16637845003B43EE /* SFMainViewController.m in Sources */ = {isa = PBXBuildFile; fileRef = D7D4F33916637845003B43EE /* SFMainViewController.m */; };
		D7D75CED16673C7300479B3E /* SFQuestionListViewController.m in Sources */ = {isa = PBXBuildFile; fileRef = D7D75CEC16673C7300479B3E /* SFQuestionListViewController.m */; };
		D7DDB3271675A050009DD198 /* back_button_background.png in Resources */ = {isa = PBXBuildFile; fileRef = D7DDB30F1675A050009DD198 /* back_button_background.png */; };
		D7DDB3281675A050009DD198 /* back_button_background@2x.png in Resources */ = {isa = PBXBuildFile; fileRef = D7DDB3101675A050009DD198 /* back_button_background@2x.png */; };
		D7DDB3291675A050009DD198 /* back_button_pressed_background.png in Resources */ = {isa = PBXBuildFile; fileRef = D7DDB3111675A050009DD198 /* back_button_pressed_background.png */; };
		D7DDB32A1675A050009DD198 /* back_button_pressed_background@2x.png in Resources */ = {isa = PBXBuildFile; fileRef = D7DDB3121675A050009DD198 /* back_button_pressed_background@2x.png */; };
		D7DDB32B1675A050009DD198 /* navigationbar_light_background.png in Resources */ = {isa = PBXBuildFile; fileRef = D7DDB3131675A050009DD198 /* navigationbar_light_background.png */; };
		D7DDB32C1675A050009DD198 /* navigationbar_light_background@2x.png in Resources */ = {isa = PBXBuildFile; fileRef = D7DDB3141675A050009DD198 /* navigationbar_light_background@2x.png */; };
		D7DDB32D1675A050009DD198 /* slide_navigator_button.png in Resources */ = {isa = PBXBuildFile; fileRef = D7DDB3151675A050009DD198 /* slide_navigator_button.png */; };
		D7DDB32E1675A050009DD198 /* slide_navigator_button@2x.png in Resources */ = {isa = PBXBuildFile; fileRef = D7DDB3161675A050009DD198 /* slide_navigator_button@2x.png */; };
		D7DDB32F1675A050009DD198 /* slide_navigator_button_pressed.png in Resources */ = {isa = PBXBuildFile; fileRef = D7DDB3171675A050009DD198 /* slide_navigator_button_pressed.png */; };
		D7DDB3301675A050009DD198 /* slide_navigator_button_pressed@2x.png in Resources */ = {isa = PBXBuildFile; fileRef = D7DDB3181675A050009DD198 /* slide_navigator_button_pressed@2x.png */; };
		D7DDB3311675A050009DD198 /* slide_navigator_cell_background.png in Resources */ = {isa = PBXBuildFile; fileRef = D7DDB3191675A050009DD198 /* slide_navigator_cell_background.png */; };
		D7DDB3321675A050009DD198 /* slide_navigator_cell_background@2x.png in Resources */ = {isa = PBXBuildFile; fileRef = D7DDB31A1675A050009DD198 /* slide_navigator_cell_background@2x.png */; };
		D7DDB3331675A050009DD198 /* slide_navigator_cell_chevron.png in Resources */ = {isa = PBXBuildFile; fileRef = D7DDB31B1675A050009DD198 /* slide_navigator_cell_chevron.png */; };
		D7DDB3341675A050009DD198 /* slide_navigator_cell_chevron@2x.png in Resources */ = {isa = PBXBuildFile; fileRef = D7DDB31C1675A050009DD198 /* slide_navigator_cell_chevron@2x.png */; };
		D7DDB3351675A050009DD198 /* slide_navigator_cell_selected_background.png in Resources */ = {isa = PBXBuildFile; fileRef = D7DDB31D1675A050009DD198 /* slide_navigator_cell_selected_background.png */; };
		D7DDB3361675A050009DD198 /* slide_navigator_cell_selected_background@2x.png in Resources */ = {isa = PBXBuildFile; fileRef = D7DDB31E1675A050009DD198 /* slide_navigator_cell_selected_background@2x.png */; };
		D7DDB3371675A050009DD198 /* slide_navigator_cell_selected_chevron.png in Resources */ = {isa = PBXBuildFile; fileRef = D7DDB31F1675A050009DD198 /* slide_navigator_cell_selected_chevron.png */; };
		D7DDB3381675A050009DD198 /* slide_navigator_cell_selected_chevron@2x.png in Resources */ = {isa = PBXBuildFile; fileRef = D7DDB3201675A050009DD198 /* slide_navigator_cell_selected_chevron@2x.png */; };
		D7DDB3391675A050009DD198 /* slide_navigator_dark_backgrond.png in Resources */ = {isa = PBXBuildFile; fileRef = D7DDB3211675A050009DD198 /* slide_navigator_dark_backgrond.png */; };
		D7DDB33A1675A050009DD198 /* slide_navigator_dark_backgrond@2x.png in Resources */ = {isa = PBXBuildFile; fileRef = D7DDB3221675A050009DD198 /* slide_navigator_dark_backgrond@2x.png */; };
		D7DDB33B1675A050009DD198 /* slide_navigator_light_backgrond.png in Resources */ = {isa = PBXBuildFile; fileRef = D7DDB3231675A050009DD198 /* slide_navigator_light_backgrond.png */; };
		D7DDB33C1675A050009DD198 /* slide_navigator_light_backgrond@2x.png in Resources */ = {isa = PBXBuildFile; fileRef = D7DDB3241675A050009DD198 /* slide_navigator_light_backgrond@2x.png */; };
		D7DDB33D1675A050009DD198 /* slide_navigator_section_header_background.png in Resources */ = {isa = PBXBuildFile; fileRef = D7DDB3251675A050009DD198 /* slide_navigator_section_header_background.png */; };
		D7DDB33E1675A050009DD198 /* slide_navigator_section_header_background@2x.png in Resources */ = {isa = PBXBuildFile; fileRef = D7DDB3261675A050009DD198 /* slide_navigator_section_header_background@2x.png */; };
/* End PBXBuildFile section */

/* Begin PBXFileReference section */
		D715857616660AD000889FA4 /* SFRootViewController.h */ = {isa = PBXFileReference; fileEncoding = 4; lastKnownFileType = sourcecode.c.h; path = SFRootViewController.h; sourceTree = "<group>"; };
		D715857716660AD100889FA4 /* SFRootViewController.m */ = {isa = PBXFileReference; fileEncoding = 4; lastKnownFileType = sourcecode.c.objc; path = SFRootViewController.m; sourceTree = "<group>"; };
		D72E75D0167AEBD7007AECF6 /* SFQuestionService.h */ = {isa = PBXFileReference; fileEncoding = 4; lastKnownFileType = sourcecode.c.h; path = SFQuestionService.h; sourceTree = "<group>"; };
		D72E75D1167AEBD7007AECF6 /* SFQuestionService.m */ = {isa = PBXFileReference; fileEncoding = 4; lastKnownFileType = sourcecode.c.objc; path = SFQuestionService.m; sourceTree = "<group>"; };
		D72E75D3167AEC4E007AECF6 /* SFQuestion.h */ = {isa = PBXFileReference; fileEncoding = 4; lastKnownFileType = sourcecode.c.h; path = SFQuestion.h; sourceTree = "<group>"; };
		D72E75D4167AEC4E007AECF6 /* SFQuestion.m */ = {isa = PBXFileReference; fileEncoding = 4; lastKnownFileType = sourcecode.c.objc; path = SFQuestion.m; sourceTree = "<group>"; };
		D73F5596167883DE00F15949 /* SFQuestionDetailViewController.h */ = {isa = PBXFileReference; fileEncoding = 4; lastKnownFileType = sourcecode.c.h; path = SFQuestionDetailViewController.h; sourceTree = "<group>"; };
		D73F5597167883DE00F15949 /* SFQuestionDetailViewController.m */ = {isa = PBXFileReference; fileEncoding = 4; lastKnownFileType = sourcecode.c.objc; path = SFQuestionDetailViewController.m; sourceTree = "<group>"; };
		D73F559F167885B700F15949 /* SFWebViewController.h */ = {isa = PBXFileReference; fileEncoding = 4; lastKnownFileType = sourcecode.c.h; path = SFWebViewController.h; sourceTree = "<group>"; };
		D73F55A0167885B700F15949 /* SFWebViewController.m */ = {isa = PBXFileReference; fileEncoding = 4; lastKnownFileType = sourcecode.c.objc; path = SFWebViewController.m; sourceTree = "<group>"; };
		D73F55A7167886CC00F15949 /* goBackItem.png */ = {isa = PBXFileReference; lastKnownFileType = image.png; path = goBackItem.png; sourceTree = "<group>"; };
		D73F55A8167886CC00F15949 /* goBackItem@2x.png */ = {isa = PBXFileReference; lastKnownFileType = image.png; path = "goBackItem@2x.png"; sourceTree = "<group>"; };
		D73F55A9167886CC00F15949 /* goForwardItem.png */ = {isa = PBXFileReference; lastKnownFileType = image.png; path = goForwardItem.png; sourceTree = "<group>"; };
		D73F55AA167886CC00F15949 /* goForwardItem@2x.png */ = {isa = PBXFileReference; lastKnownFileType = image.png; path = "goForwardItem@2x.png"; sourceTree = "<group>"; };
		D7734D561684B7AB000170FC /* sr_refresh.png */ = {isa = PBXFileReference; lastKnownFileType = image.png; path = sr_refresh.png; sourceTree = "<group>"; };
		D7734D571684B7AB000170FC /* sr_refresh@2X.png */ = {isa = PBXFileReference; lastKnownFileType = image.png; path = "sr_refresh@2X.png"; sourceTree = "<group>"; };
		D7734D581684B7AB000170FC /* SRDefine.h */ = {isa = PBXFileReference; fileEncoding = 4; lastKnownFileType = sourcecode.c.h; path = SRDefine.h; sourceTree = "<group>"; };
		D7734D591684B7AB000170FC /* SRRefreshView.h */ = {isa = PBXFileReference; fileEncoding = 4; lastKnownFileType = sourcecode.c.h; path = SRRefreshView.h; sourceTree = "<group>"; };
		D7734D5A1684B7AB000170FC /* SRRefreshView.m */ = {isa = PBXFileReference; fileEncoding = 4; lastKnownFileType = sourcecode.c.objc; path = SRRefreshView.m; sourceTree = "<group>"; };
		D7734D5B1684B7AB000170FC /* SRSlimeView.h */ = {isa = PBXFileReference; fileEncoding = 4; lastKnownFileType = sourcecode.c.h; path = SRSlimeView.h; sourceTree = "<group>"; };
		D7734D5C1684B7AB000170FC /* SRSlimeView.m */ = {isa = PBXFileReference; fileEncoding = 4; lastKnownFileType = sourcecode.c.objc; path = SRSlimeView.m; sourceTree = "<group>"; };
		D7734D621684BE93000170FC /* AFHTTPClient.h */ = {isa = PBXFileReference; fileEncoding = 4; lastKnownFileType = sourcecode.c.h; path = AFHTTPClient.h; sourceTree = "<group>"; };
		D7734D631684BE93000170FC /* AFHTTPClient.m */ = {isa = PBXFileReference; fileEncoding = 4; lastKnownFileType = sourcecode.c.objc; path = AFHTTPClient.m; sourceTree = "<group>"; };
		D7734D641684BE93000170FC /* AFHTTPRequestOperation.h */ = {isa = PBXFileReference; fileEncoding = 4; lastKnownFileType = sourcecode.c.h; path = AFHTTPRequestOperation.h; sourceTree = "<group>"; };
		D7734D651684BE93000170FC /* AFHTTPRequestOperation.m */ = {isa = PBXFileReference; fileEncoding = 4; lastKnownFileType = sourcecode.c.objc; path = AFHTTPRequestOperation.m; sourceTree = "<group>"; };
		D7734D661684BE93000170FC /* AFImageRequestOperation.h */ = {isa = PBXFileReference; fileEncoding = 4; lastKnownFileType = sourcecode.c.h; path = AFImageRequestOperation.h; sourceTree = "<group>"; };
		D7734D671684BE93000170FC /* AFImageRequestOperation.m */ = {isa = PBXFileReference; fileEncoding = 4; lastKnownFileType = sourcecode.c.objc; path = AFImageRequestOperation.m; sourceTree = "<group>"; };
		D7734D681684BE93000170FC /* AFJSONRequestOperation.h */ = {isa = PBXFileReference; fileEncoding = 4; lastKnownFileType = sourcecode.c.h; path = AFJSONRequestOperation.h; sourceTree = "<group>"; };
		D7734D691684BE93000170FC /* AFJSONRequestOperation.m */ = {isa = PBXFileReference; fileEncoding = 4; lastKnownFileType = sourcecode.c.objc; path = AFJSONRequestOperation.m; sourceTree = "<group>"; };
		D7734D6A1684BE93000170FC /* AFNetworkActivityIndicatorManager.h */ = {isa = PBXFileReference; fileEncoding = 4; lastKnownFileType = sourcecode.c.h; path = AFNetworkActivityIndicatorManager.h; sourceTree = "<group>"; };
		D7734D6B1684BE93000170FC /* AFNetworkActivityIndicatorManager.m */ = {isa = PBXFileReference; fileEncoding = 4; lastKnownFileType = sourcecode.c.objc; path = AFNetworkActivityIndicatorManager.m; sourceTree = "<group>"; };
		D7734D6C1684BE93000170FC /* AFNetworking.h */ = {isa = PBXFileReference; fileEncoding = 4; lastKnownFileType = sourcecode.c.h; path = AFNetworking.h; sourceTree = "<group>"; };
		D7734D6D1684BE93000170FC /* AFPropertyListRequestOperation.h */ = {isa = PBXFileReference; fileEncoding = 4; lastKnownFileType = sourcecode.c.h; path = AFPropertyListRequestOperation.h; sourceTree = "<group>"; };
		D7734D6E1684BE93000170FC /* AFPropertyListRequestOperation.m */ = {isa = PBXFileReference; fileEncoding = 4; lastKnownFileType = sourcecode.c.objc; path = AFPropertyListRequestOperation.m; sourceTree = "<group>"; };
		D7734D6F1684BE93000170FC /* AFURLConnectionOperation.h */ = {isa = PBXFileReference; fileEncoding = 4; lastKnownFileType = sourcecode.c.h; path = AFURLConnectionOperation.h; sourceTree = "<group>"; };
		D7734D701684BE93000170FC /* AFURLConnectionOperation.m */ = {isa = PBXFileReference; fileEncoding = 4; lastKnownFileType = sourcecode.c.objc; path = AFURLConnectionOperation.m; sourceTree = "<group>"; };
		D7734D711684BE93000170FC /* AFXMLRequestOperation.h */ = {isa = PBXFileReference; fileEncoding = 4; lastKnownFileType = sourcecode.c.h; path = AFXMLRequestOperation.h; sourceTree = "<group>"; };
		D7734D721684BE93000170FC /* AFXMLRequestOperation.m */ = {isa = PBXFileReference; fileEncoding = 4; lastKnownFileType = sourcecode.c.objc; path = AFXMLRequestOperation.m; sourceTree = "<group>"; };
		D7734D731684BE93000170FC /* UIImageView+AFNetworking.h */ = {isa = PBXFileReference; fileEncoding = 4; lastKnownFileType = sourcecode.c.h; path = "UIImageView+AFNetworking.h"; sourceTree = "<group>"; };
		D7734D741684BE93000170FC /* UIImageView+AFNetworking.m */ = {isa = PBXFileReference; fileEncoding = 4; lastKnownFileType = sourcecode.c.objc; path = "UIImageView+AFNetworking.m"; sourceTree = "<group>"; };
		D77CE21616611B8B00F1BC9E /* SegmentFault.app */ = {isa = PBXFileReference; explicitFileType = wrapper.application; includeInIndex = 0; path = SegmentFault.app; sourceTree = BUILT_PRODUCTS_DIR; };
		D77CE21A16611B8B00F1BC9E /* UIKit.framework */ = {isa = PBXFileReference; lastKnownFileType = wrapper.framework; name = UIKit.framework; path = System/Library/Frameworks/UIKit.framework; sourceTree = SDKROOT; };
		D77CE21C16611B8B00F1BC9E /* Foundation.framework */ = {isa = PBXFileReference; lastKnownFileType = wrapper.framework; name = Foundation.framework; path = System/Library/Frameworks/Foundation.framework; sourceTree = SDKROOT; };
		D77CE21E16611B8B00F1BC9E /* CoreGraphics.framework */ = {isa = PBXFileReference; lastKnownFileType = wrapper.framework; name = CoreGraphics.framework; path = System/Library/Frameworks/CoreGraphics.framework; sourceTree = SDKROOT; };
		D77CE22216611B8B00F1BC9E /* SegmentFault-Info.plist */ = {isa = PBXFileReference; lastKnownFileType = text.plist.xml; path = "SegmentFault-Info.plist"; sourceTree = "<group>"; };
		D77CE22416611B8B00F1BC9E /* en */ = {isa = PBXFileReference; lastKnownFileType = text.plist.strings; name = en; path = en.lproj/InfoPlist.strings; sourceTree = "<group>"; };
		D77CE22616611B8B00F1BC9E /* main.m */ = {isa = PBXFileReference; lastKnownFileType = sourcecode.c.objc; path = main.m; sourceTree = "<group>"; };
		D77CE22816611B8B00F1BC9E /* SegmentFault-Prefix.pch */ = {isa = PBXFileReference; lastKnownFileType = sourcecode.c.h; path = "SegmentFault-Prefix.pch"; sourceTree = "<group>"; };
		D77CE22916611B8B00F1BC9E /* SFAppDelegate.h */ = {isa = PBXFileReference; lastKnownFileType = sourcecode.c.h; path = SFAppDelegate.h; sourceTree = "<group>"; };
		D77CE22A16611B8B00F1BC9E /* SFAppDelegate.m */ = {isa = PBXFileReference; lastKnownFileType = sourcecode.c.objc; path = SFAppDelegate.m; sourceTree = "<group>"; };
		D78E55D51685B935002D38FC /* UMNavigationController.h */ = {isa = PBXFileReference; fileEncoding = 4; lastKnownFileType = sourcecode.c.h; path = UMNavigationController.h; sourceTree = "<group>"; };
		D78E55D61685B935002D38FC /* UMNavigationController.m */ = {isa = PBXFileReference; fileEncoding = 4; lastKnownFileType = sourcecode.c.objc; path = UMNavigationController.m; sourceTree = "<group>"; };
		D78E55D71685B935002D38FC /* UMSlideNavigationController.h */ = {isa = PBXFileReference; fileEncoding = 4; lastKnownFileType = sourcecode.c.h; path = UMSlideNavigationController.h; sourceTree = "<group>"; };
		D78E55D81685B935002D38FC /* UMSlideNavigationController.m */ = {isa = PBXFileReference; fileEncoding = 4; lastKnownFileType = sourcecode.c.objc; path = UMSlideNavigationController.m; sourceTree = "<group>"; };
		D78E55D91685B935002D38FC /* UMTools.h */ = {isa = PBXFileReference; fileEncoding = 4; lastKnownFileType = sourcecode.c.h; path = UMTools.h; sourceTree = "<group>"; };
		D78E55DA1685B935002D38FC /* UMTools.m */ = {isa = PBXFileReference; fileEncoding = 4; lastKnownFileType = sourcecode.c.objc; path = UMTools.m; sourceTree = "<group>"; };
		D78E55DB1685B935002D38FC /* UMViewController.h */ = {isa = PBXFileReference; fileEncoding = 4; lastKnownFileType = sourcecode.c.h; path = UMViewController.h; sourceTree = "<group>"; };
		D78E55DC1685B935002D38FC /* UMViewController.m */ = {isa = PBXFileReference; fileEncoding = 4; lastKnownFileType = sourcecode.c.objc; path = UMViewController.m; sourceTree = "<group>"; };
		D797E9FE1683729300D30894 /* slide_navigator_shadow.png */ = {isa = PBXFileReference; lastKnownFileType = image.png; path = slide_navigator_shadow.png; sourceTree = "<group>"; };
		D797E9FF1683729300D30894 /* slide_navigator_shadow@2x.png */ = {isa = PBXFileReference; lastKnownFileType = image.png; path = "slide_navigator_shadow@2x.png"; sourceTree = "<group>"; };
		D79826CB1663A33900054585 /* CFNetwork.framework */ = {isa = PBXFileReference; lastKnownFileType = wrapper.framework; name = CFNetwork.framework; path = System/Library/Frameworks/CFNetwork.framework; sourceTree = SDKROOT; };
		D79826CD1663A37400054585 /* SystemConfiguration.framework */ = {isa = PBXFileReference; lastKnownFileType = wrapper.framework; name = SystemConfiguration.framework; path = System/Library/Frameworks/SystemConfiguration.framework; sourceTree = SDKROOT; };
		D79826CF1663A37C00054585 /* MobileCoreServices.framework */ = {isa = PBXFileReference; lastKnownFileType = wrapper.framework; name = MobileCoreServices.framework; path = System/Library/Frameworks/MobileCoreServices.framework; sourceTree = SDKROOT; };
		D79826D11663A38400054585 /* QuartzCore.framework */ = {isa = PBXFileReference; lastKnownFileType = wrapper.framework; name = QuartzCore.framework; path = System/Library/Frameworks/QuartzCore.framework; sourceTree = SDKROOT; };
		D79826D31663A3A500054585 /* libz.1.2.5.dylib */ = {isa = PBXFileReference; lastKnownFileType = "compiled.mach-o.dylib"; name = libz.1.2.5.dylib; path = usr/lib/libz.1.2.5.dylib; sourceTree = SDKROOT; };
		D79826DC1663AE5300054585 /* SFSlideNavViewController.h */ = {isa = PBXFileReference; fileEncoding = 4; lastKnownFileType = sourcecode.c.h; path = SFSlideNavViewController.h; sourceTree = "<group>"; };
		D79826DD1663AE5400054585 /* SFSlideNavViewController.m */ = {isa = PBXFileReference; fileEncoding = 4; lastKnownFileType = sourcecode.c.objc; path = SFSlideNavViewController.m; sourceTree = "<group>"; };
		D7A9867D16845EE200AB9A61 /* qlist_cell_pop.png */ = {isa = PBXFileReference; lastKnownFileType = image.png; path = qlist_cell_pop.png; sourceTree = "<group>"; };
		D7A9867E16845EE200AB9A61 /* qlist_cell_pop@2x.png */ = {isa = PBXFileReference; lastKnownFileType = image.png; path = "qlist_cell_pop@2x.png"; sourceTree = "<group>"; };
		D7A9867F16845EE200AB9A61 /* qlist_cell_pop_unanswered.png */ = {isa = PBXFileReference; lastKnownFileType = image.png; path = qlist_cell_pop_unanswered.png; sourceTree = "<group>"; };
		D7A9868016845EE200AB9A61 /* qlist_cell_pop_unanswered@2x.png */ = {isa = PBXFileReference; lastKnownFileType = image.png; path = "qlist_cell_pop_unanswered@2x.png"; sourceTree = "<group>"; };
		D7A9868116845EE200AB9A61 /* qlist_cell_selected_background.png */ = {isa = PBXFileReference; lastKnownFileType = image.png; path = qlist_cell_selected_background.png; sourceTree = "<group>"; };
		D7A9868216845EE200AB9A61 /* qlist_cell_selected_background@2x.png */ = {isa = PBXFileReference; lastKnownFileType = image.png; path = "qlist_cell_selected_background@2x.png"; sourceTree = "<group>"; };
		D7B217B21685CC3B001269EB /* Kache.h */ = {isa = PBXFileReference; fileEncoding = 4; lastKnownFileType = sourcecode.c.h; path = Kache.h; sourceTree = "<group>"; };
		D7B217B31685CC3B001269EB /* Kache.m */ = {isa = PBXFileReference; fileEncoding = 4; lastKnownFileType = sourcecode.c.objc; path = Kache.m; sourceTree = "<group>"; };
		D7B217B41685CC3B001269EB /* KCH.h */ = {isa = PBXFileReference; fileEncoding = 4; lastKnownFileType = sourcecode.c.h; path = KCH.h; sourceTree = "<group>"; };
		D7B217B51685CC3B001269EB /* KConfig.h */ = {isa = PBXFileReference; fileEncoding = 4; lastKnownFileType = sourcecode.c.h; path = KConfig.h; sourceTree = "<group>"; };
		D7B217B61685CC3B001269EB /* KHolder.h */ = {isa = PBXFileReference; fileEncoding = 4; lastKnownFileType = sourcecode.c.h; path = KHolder.h; sourceTree = "<group>"; };
		D7B217B71685CC3B001269EB /* KHolder.m */ = {isa = PBXFileReference; fileEncoding = 4; lastKnownFileType = sourcecode.c.objc; path = KHolder.m; sourceTree = "<group>"; };
		D7B217B81685CC3B001269EB /* KObject.h */ = {isa = PBXFileReference; fileEncoding = 4; lastKnownFileType = sourcecode.c.h; path = KObject.h; sourceTree = "<group>"; };
		D7B217B91685CC3B001269EB /* KObject.m */ = {isa = PBXFileReference; fileEncoding = 4; lastKnownFileType = sourcecode.c.objc; path = KObject.m; sourceTree = "<group>"; };
		D7B217BA1685CC3B001269EB /* KPool.h */ = {isa = PBXFileReference; fileEncoding = 4; lastKnownFileType = sourcecode.c.h; path = KPool.h; sourceTree = "<group>"; };
		D7B217BB1685CC3B001269EB /* KPool.m */ = {isa = PBXFileReference; fileEncoding = 4; lastKnownFileType = sourcecode.c.objc; path = KPool.m; sourceTree = "<group>"; };
		D7B217BC1685CC3B001269EB /* KQueue.h */ = {isa = PBXFileReference; fileEncoding = 4; lastKnownFileType = sourcecode.c.h; path = KQueue.h; sourceTree = "<group>"; };
		D7B217BD1685CC3B001269EB /* KQueue.m */ = {isa = PBXFileReference; fileEncoding = 4; lastKnownFileType = sourcecode.c.objc; path = KQueue.m; sourceTree = "<group>"; };
		D7B217BE1685CC3B001269EB /* KUtil.h */ = {isa = PBXFileReference; fileEncoding = 4; lastKnownFileType = sourcecode.c.h; path = KUtil.h; sourceTree = "<group>"; };
		D7B217BF1685CC3B001269EB /* KUtil.m */ = {isa = PBXFileReference; fileEncoding = 4; lastKnownFileType = sourcecode.c.objc; path = KUtil.m; sourceTree = "<group>"; };
		D7BA11841670BE8E00ADA329 /* SFTools.h */ = {isa = PBXFileReference; fileEncoding = 4; lastKnownFileType = sourcecode.c.h; path = SFTools.h; sourceTree = "<group>"; };
		D7BA11851670BE8E00ADA329 /* SFTools.m */ = {isa = PBXFileReference; fileEncoding = 4; lastKnownFileType = sourcecode.c.objc; path = SFTools.m; sourceTree = "<group>"; };
		D7C09C69166323090066EAF5 /* Default-568h@2x.png */ = {isa = PBXFileReference; lastKnownFileType = image.png; path = "Default-568h@2x.png"; sourceTree = "<group>"; };
		D7C09C6A166323090066EAF5 /* Default.png */ = {isa = PBXFileReference; lastKnownFileType = image.png; path = Default.png; sourceTree = "<group>"; };
		D7C09C6B166323090066EAF5 /* Default@2x.png */ = {isa = PBXFileReference; lastKnownFileType = image.png; path = "Default@2x.png"; sourceTree = "<group>"; };
		D7D006071679DB2700F3E107 /* SFLoginViewController.h */ = {isa = PBXFileReference; fileEncoding = 4; lastKnownFileType = sourcecode.c.h; path = SFLoginViewController.h; sourceTree = "<group>"; };
		D7D006081679DB2700F3E107 /* SFLoginViewController.m */ = {isa = PBXFileReference; fileEncoding = 4; lastKnownFileType = sourcecode.c.objc; path = SFLoginViewController.m; sourceTree = "<group>"; };
		D7D4F31E16635B5B003B43EE /* Icon-72.png */ = {isa = PBXFileReference; lastKnownFileType = image.png; path = "Icon-72.png"; sourceTree = "<group>"; };
		D7D4F31F16635B5B003B43EE /* Icon-Small-50.png */ = {isa = PBXFileReference; lastKnownFileType = image.png; path = "Icon-Small-50.png"; sourceTree = "<group>"; };
		D7D4F32016635B5B003B43EE /* Icon-Small.png */ = {isa = PBXFileReference; lastKnownFileType = image.png; path = "Icon-Small.png"; sourceTree = "<group>"; };
		D7D4F32116635B5B003B43EE /* Icon-Small@2x.png */ = {isa = PBXFileReference; lastKnownFileType = image.png; path = "Icon-Small@2x.png"; sourceTree = "<group>"; };
		D7D4F32216635B5B003B43EE /* Icon.png */ = {isa = PBXFileReference; lastKnownFileType = image.png; path = Icon.png; sourceTree = "<group>"; };
		D7D4F32316635B5B003B43EE /* Icon@2x.png */ = {isa = PBXFileReference; lastKnownFileType = image.png; path = "Icon@2x.png"; sourceTree = "<group>"; };
		D7D4F32416635B5B003B43EE /* iTunesArtwork.png */ = {isa = PBXFileReference; lastKnownFileType = image.png; path = iTunesArtwork.png; sourceTree = "<group>"; };
		D7D4F33816637845003B43EE /* SFMainViewController.h */ = {isa = PBXFileReference; fileEncoding = 4; lastKnownFileType = sourcecode.c.h; path = SFMainViewController.h; sourceTree = "<group>"; };
		D7D4F33916637845003B43EE /* SFMainViewController.m */ = {isa = PBXFileReference; fileEncoding = 4; lastKnownFileType = sourcecode.c.objc; path = SFMainViewController.m; sourceTree = "<group>"; };
		D7D75CEB16673C7300479B3E /* SFQuestionListViewController.h */ = {isa = PBXFileReference; fileEncoding = 4; lastKnownFileType = sourcecode.c.h; path = SFQuestionListViewController.h; sourceTree = "<group>"; };
		D7D75CEC16673C7300479B3E /* SFQuestionListViewController.m */ = {isa = PBXFileReference; fileEncoding = 4; lastKnownFileType = sourcecode.c.objc; path = SFQuestionListViewController.m; sourceTree = "<group>"; };
		D7DDB30F1675A050009DD198 /* back_button_background.png */ = {isa = PBXFileReference; lastKnownFileType = image.png; path = back_button_background.png; sourceTree = "<group>"; };
		D7DDB3101675A050009DD198 /* back_button_background@2x.png */ = {isa = PBXFileReference; lastKnownFileType = image.png; path = "back_button_background@2x.png"; sourceTree = "<group>"; };
		D7DDB3111675A050009DD198 /* back_button_pressed_background.png */ = {isa = PBXFileReference; lastKnownFileType = image.png; path = back_button_pressed_background.png; sourceTree = "<group>"; };
		D7DDB3121675A050009DD198 /* back_button_pressed_background@2x.png */ = {isa = PBXFileReference; lastKnownFileType = image.png; path = "back_button_pressed_background@2x.png"; sourceTree = "<group>"; };
		D7DDB3131675A050009DD198 /* navigationbar_light_background.png */ = {isa = PBXFileReference; lastKnownFileType = image.png; path = navigationbar_light_background.png; sourceTree = "<group>"; };
		D7DDB3141675A050009DD198 /* navigationbar_light_background@2x.png */ = {isa = PBXFileReference; lastKnownFileType = image.png; path = "navigationbar_light_background@2x.png"; sourceTree = "<group>"; };
		D7DDB3151675A050009DD198 /* slide_navigator_button.png */ = {isa = PBXFileReference; lastKnownFileType = image.png; path = slide_navigator_button.png; sourceTree = "<group>"; };
		D7DDB3161675A050009DD198 /* slide_navigator_button@2x.png */ = {isa = PBXFileReference; lastKnownFileType = image.png; path = "slide_navigator_button@2x.png"; sourceTree = "<group>"; };
		D7DDB3171675A050009DD198 /* slide_navigator_button_pressed.png */ = {isa = PBXFileReference; lastKnownFileType = image.png; path = slide_navigator_button_pressed.png; sourceTree = "<group>"; };
		D7DDB3181675A050009DD198 /* slide_navigator_button_pressed@2x.png */ = {isa = PBXFileReference; lastKnownFileType = image.png; path = "slide_navigator_button_pressed@2x.png"; sourceTree = "<group>"; };
		D7DDB3191675A050009DD198 /* slide_navigator_cell_background.png */ = {isa = PBXFileReference; lastKnownFileType = image.png; path = slide_navigator_cell_background.png; sourceTree = "<group>"; };
		D7DDB31A1675A050009DD198 /* slide_navigator_cell_background@2x.png */ = {isa = PBXFileReference; lastKnownFileType = image.png; path = "slide_navigator_cell_background@2x.png"; sourceTree = "<group>"; };
		D7DDB31B1675A050009DD198 /* slide_navigator_cell_chevron.png */ = {isa = PBXFileReference; lastKnownFileType = image.png; path = slide_navigator_cell_chevron.png; sourceTree = "<group>"; };
		D7DDB31C1675A050009DD198 /* slide_navigator_cell_chevron@2x.png */ = {isa = PBXFileReference; lastKnownFileType = image.png; path = "slide_navigator_cell_chevron@2x.png"; sourceTree = "<group>"; };
		D7DDB31D1675A050009DD198 /* slide_navigator_cell_selected_background.png */ = {isa = PBXFileReference; lastKnownFileType = image.png; path = slide_navigator_cell_selected_background.png; sourceTree = "<group>"; };
		D7DDB31E1675A050009DD198 /* slide_navigator_cell_selected_background@2x.png */ = {isa = PBXFileReference; lastKnownFileType = image.png; path = "slide_navigator_cell_selected_background@2x.png"; sourceTree = "<group>"; };
		D7DDB31F1675A050009DD198 /* slide_navigator_cell_selected_chevron.png */ = {isa = PBXFileReference; lastKnownFileType = image.png; path = slide_navigator_cell_selected_chevron.png; sourceTree = "<group>"; };
		D7DDB3201675A050009DD198 /* slide_navigator_cell_selected_chevron@2x.png */ = {isa = PBXFileReference; lastKnownFileType = image.png; path = "slide_navigator_cell_selected_chevron@2x.png"; sourceTree = "<group>"; };
		D7DDB3211675A050009DD198 /* slide_navigator_dark_backgrond.png */ = {isa = PBXFileReference; lastKnownFileType = image.png; path = slide_navigator_dark_backgrond.png; sourceTree = "<group>"; };
		D7DDB3221675A050009DD198 /* slide_navigator_dark_backgrond@2x.png */ = {isa = PBXFileReference; lastKnownFileType = image.png; path = "slide_navigator_dark_backgrond@2x.png"; sourceTree = "<group>"; };
		D7DDB3231675A050009DD198 /* slide_navigator_light_backgrond.png */ = {isa = PBXFileReference; lastKnownFileType = image.png; path = slide_navigator_light_backgrond.png; sourceTree = "<group>"; };
		D7DDB3241675A050009DD198 /* slide_navigator_light_backgrond@2x.png */ = {isa = PBXFileReference; lastKnownFileType = image.png; path = "slide_navigator_light_backgrond@2x.png"; sourceTree = "<group>"; };
		D7DDB3251675A050009DD198 /* slide_navigator_section_header_background.png */ = {isa = PBXFileReference; lastKnownFileType = image.png; path = slide_navigator_section_header_background.png; sourceTree = "<group>"; };
		D7DDB3261675A050009DD198 /* slide_navigator_section_header_background@2x.png */ = {isa = PBXFileReference; lastKnownFileType = image.png; path = "slide_navigator_section_header_background@2x.png"; sourceTree = "<group>"; };
/* End PBXFileReference section */

/* Begin PBXFrameworksBuildPhase section */
		D77CE21316611B8B00F1BC9E /* Frameworks */ = {
			isa = PBXFrameworksBuildPhase;
			buildActionMask = 2147483647;
			files = (
				D79826D41663A3A500054585 /* libz.1.2.5.dylib in Frameworks */,
				D79826D21663A38400054585 /* QuartzCore.framework in Frameworks */,
				D79826D01663A37C00054585 /* MobileCoreServices.framework in Frameworks */,
				D79826CE1663A37400054585 /* SystemConfiguration.framework in Frameworks */,
				D79826CC1663A33900054585 /* CFNetwork.framework in Frameworks */,
				D77CE21B16611B8B00F1BC9E /* UIKit.framework in Frameworks */,
				D77CE21D16611B8B00F1BC9E /* Foundation.framework in Frameworks */,
				D77CE21F16611B8B00F1BC9E /* CoreGraphics.framework in Frameworks */,
			);
			runOnlyForDeploymentPostprocessing = 0;
		};
/* End PBXFrameworksBuildPhase section */

/* Begin PBXGroup section */
		D72E75CC167AEB94007AECF6 /* Service */ = {
			isa = PBXGroup;
			children = (
				D72E75D0167AEBD7007AECF6 /* SFQuestionService.h */,
				D72E75D1167AEBD7007AECF6 /* SFQuestionService.m */,
			);
			name = Service;
			sourceTree = "<group>";
		};
		D72E75CE167AEBA1007AECF6 /* ViewControllers */ = {
			isa = PBXGroup;
			children = (
				D7D006071679DB2700F3E107 /* SFLoginViewController.h */,
				D7D006081679DB2700F3E107 /* SFLoginViewController.m */,
				D73F5596167883DE00F15949 /* SFQuestionDetailViewController.h */,
				D73F5597167883DE00F15949 /* SFQuestionDetailViewController.m */,
				D7D75CEB16673C7300479B3E /* SFQuestionListViewController.h */,
				D7D75CEC16673C7300479B3E /* SFQuestionListViewController.m */,
				D7D4F33816637845003B43EE /* SFMainViewController.h */,
				D7D4F33916637845003B43EE /* SFMainViewController.m */,
				D7DDB30616759C3C009DD198 /* Nav */,
				D7DDB30916759C78009DD198 /* Base */,
			);
			name = ViewControllers;
			sourceTree = "<group>";
		};
		D72E75CF167AEBC1007AECF6 /* DataCenter */ = {
			isa = PBXGroup;
			children = (
				D72E75D3167AEC4E007AECF6 /* SFQuestion.h */,
				D72E75D4167AEC4E007AECF6 /* SFQuestion.m */,
			);
			name = DataCenter;
			sourceTree = "<group>";
		};
		D73F55A6167886CC00F15949 /* webview */ = {
			isa = PBXGroup;
			children = (
				D73F55A7167886CC00F15949 /* goBackItem.png */,
				D73F55A8167886CC00F15949 /* goBackItem@2x.png */,
				D73F55A9167886CC00F15949 /* goForwardItem.png */,
				D73F55AA167886CC00F15949 /* goForwardItem@2x.png */,
			);
			path = webview;
			sourceTree = "<group>";
		};
		D7734D551684B7AB000170FC /* SlimeRefresh */ = {
			isa = PBXGroup;
			children = (
				D7734D561684B7AB000170FC /* sr_refresh.png */,
				D7734D571684B7AB000170FC /* sr_refresh@2X.png */,
				D7734D581684B7AB000170FC /* SRDefine.h */,
				D7734D591684B7AB000170FC /* SRRefreshView.h */,
				D7734D5A1684B7AB000170FC /* SRRefreshView.m */,
				D7734D5B1684B7AB000170FC /* SRSlimeView.h */,
				D7734D5C1684B7AB000170FC /* SRSlimeView.m */,
			);
			name = SlimeRefresh;
			path = Support/SlimeRefresh/SlimeRefresh/SlimeRefresh;
			sourceTree = "<group>";
		};
		D7734D611684BE93000170FC /* AFNetworking */ = {
			isa = PBXGroup;
			children = (
				D7734D621684BE93000170FC /* AFHTTPClient.h */,
				D7734D631684BE93000170FC /* AFHTTPClient.m */,
				D7734D641684BE93000170FC /* AFHTTPRequestOperation.h */,
				D7734D651684BE93000170FC /* AFHTTPRequestOperation.m */,
				D7734D661684BE93000170FC /* AFImageRequestOperation.h */,
				D7734D671684BE93000170FC /* AFImageRequestOperation.m */,
				D7734D681684BE93000170FC /* AFJSONRequestOperation.h */,
				D7734D691684BE93000170FC /* AFJSONRequestOperation.m */,
				D7734D6A1684BE93000170FC /* AFNetworkActivityIndicatorManager.h */,
				D7734D6B1684BE93000170FC /* AFNetworkActivityIndicatorManager.m */,
				D7734D6C1684BE93000170FC /* AFNetworking.h */,
				D7734D6D1684BE93000170FC /* AFPropertyListRequestOperation.h */,
				D7734D6E1684BE93000170FC /* AFPropertyListRequestOperation.m */,
				D7734D6F1684BE93000170FC /* AFURLConnectionOperation.h */,
				D7734D701684BE93000170FC /* AFURLConnectionOperation.m */,
				D7734D711684BE93000170FC /* AFXMLRequestOperation.h */,
				D7734D721684BE93000170FC /* AFXMLRequestOperation.m */,
				D7734D731684BE93000170FC /* UIImageView+AFNetworking.h */,
				D7734D741684BE93000170FC /* UIImageView+AFNetworking.m */,
			);
			name = AFNetworking;
			path = Support/AFNetworking/AFNetworking;
			sourceTree = "<group>";
		};
		D77CE20B16611B8B00F1BC9E = {
			isa = PBXGroup;
			children = (
				D77CE22016611B8B00F1BC9E /* SegmentFault */,
				D77CE21916611B8B00F1BC9E /* Frameworks */,
				D77CE21716611B8B00F1BC9E /* Products */,
			);
			sourceTree = "<group>";
		};
		D77CE21716611B8B00F1BC9E /* Products */ = {
			isa = PBXGroup;
			children = (
				D77CE21616611B8B00F1BC9E /* SegmentFault.app */,
			);
			name = Products;
			sourceTree = "<group>";
		};
		D77CE21916611B8B00F1BC9E /* Frameworks */ = {
			isa = PBXGroup;
			children = (
				D79826D31663A3A500054585 /* libz.1.2.5.dylib */,
				D79826D11663A38400054585 /* QuartzCore.framework */,
				D79826CF1663A37C00054585 /* MobileCoreServices.framework */,
				D79826CD1663A37400054585 /* SystemConfiguration.framework */,
				D79826CB1663A33900054585 /* CFNetwork.framework */,
				D77CE21A16611B8B00F1BC9E /* UIKit.framework */,
				D77CE21C16611B8B00F1BC9E /* Foundation.framework */,
				D77CE21E16611B8B00F1BC9E /* CoreGraphics.framework */,
			);
			name = Frameworks;
			sourceTree = "<group>";
		};
		D77CE22016611B8B00F1BC9E /* SegmentFault */ = {
			isa = PBXGroup;
			children = (
				D72E75CF167AEBC1007AECF6 /* DataCenter */,
				D72E75CE167AEBA1007AECF6 /* ViewControllers */,
				D72E75CC167AEB94007AECF6 /* Service */,
				D7DDB30816759C50009DD198 /* Delegate */,
				D7BA11821670BE7500ADA329 /* Tools */,
				D77CE22116611B8B00F1BC9E /* Supporting Files */,
			);
			path = SegmentFault;
			sourceTree = "<group>";
		};
		D77CE22116611B8B00F1BC9E /* Supporting Files */ = {
			isa = PBXGroup;
			children = (
				D7B217B11685CC3B001269EB /* Kache */,
				D78E55D41685B935002D38FC /* ULRManager */,
				D7734D611684BE93000170FC /* AFNetworking */,
				D7734D551684B7AB000170FC /* SlimeRefresh */,
				D7C09C68166323090066EAF5 /* images */,
				D77CE22216611B8B00F1BC9E /* SegmentFault-Info.plist */,
				D77CE22316611B8B00F1BC9E /* InfoPlist.strings */,
				D77CE22616611B8B00F1BC9E /* main.m */,
				D77CE22816611B8B00F1BC9E /* SegmentFault-Prefix.pch */,
			);
			name = "Supporting Files";
			sourceTree = "<group>";
		};
		D78E55D41685B935002D38FC /* ULRManager */ = {
			isa = PBXGroup;
			children = (
				D78E55D51685B935002D38FC /* UMNavigationController.h */,
				D78E55D61685B935002D38FC /* UMNavigationController.m */,
				D78E55D71685B935002D38FC /* UMSlideNavigationController.h */,
				D78E55D81685B935002D38FC /* UMSlideNavigationController.m */,
				D78E55D91685B935002D38FC /* UMTools.h */,
				D78E55DA1685B935002D38FC /* UMTools.m */,
				D78E55DB1685B935002D38FC /* UMViewController.h */,
				D78E55DC1685B935002D38FC /* UMViewController.m */,
			);
			name = ULRManager;
			path = Support/URLManager/ULRManager;
			sourceTree = "<group>";
		};
		D7A9867C16845EE200AB9A61 /* questionlist */ = {
			isa = PBXGroup;
			children = (
				D7A9867D16845EE200AB9A61 /* qlist_cell_pop.png */,
				D7A9867E16845EE200AB9A61 /* qlist_cell_pop@2x.png */,
				D7A9867F16845EE200AB9A61 /* qlist_cell_pop_unanswered.png */,
				D7A9868016845EE200AB9A61 /* qlist_cell_pop_unanswered@2x.png */,
				D7A9868116845EE200AB9A61 /* qlist_cell_selected_background.png */,
				D7A9868216845EE200AB9A61 /* qlist_cell_selected_background@2x.png */,
			);
			path = questionlist;
			sourceTree = "<group>";
		};
		D7B217B11685CC3B001269EB /* Kache */ = {
			isa = PBXGroup;
			children = (
				D7B217B21685CC3B001269EB /* Kache.h */,
				D7B217B31685CC3B001269EB /* Kache.m */,
				D7B217B41685CC3B001269EB /* KCH.h */,
				D7B217B51685CC3B001269EB /* KConfig.h */,
				D7B217B61685CC3B001269EB /* KHolder.h */,
				D7B217B71685CC3B001269EB /* KHolder.m */,
				D7B217B81685CC3B001269EB /* KObject.h */,
				D7B217B91685CC3B001269EB /* KObject.m */,
				D7B217BA1685CC3B001269EB /* KPool.h */,
				D7B217BB1685CC3B001269EB /* KPool.m */,
				D7B217BC1685CC3B001269EB /* KQueue.h */,
				D7B217BD1685CC3B001269EB /* KQueue.m */,
				D7B217BE1685CC3B001269EB /* KUtil.h */,
				D7B217BF1685CC3B001269EB /* KUtil.m */,
			);
			name = Kache;
			path = Support/Kache/Kache;
			sourceTree = "<group>";
		};
		D7BA11821670BE7500ADA329 /* Tools */ = {
			isa = PBXGroup;
			children = (
				D7BA11841670BE8E00ADA329 /* SFTools.h */,
				D7BA11851670BE8E00ADA329 /* SFTools.m */,
			);
			name = Tools;
			sourceTree = "<group>";
		};
		D7C09C68166323090066EAF5 /* images */ = {
			isa = PBXGroup;
			children = (
				D7C09C69166323090066EAF5 /* Default-568h@2x.png */,
				D7C09C6A166323090066EAF5 /* Default.png */,
				D7C09C6B166323090066EAF5 /* Default@2x.png */,
				D7A9867C16845EE200AB9A61 /* questionlist */,
				D73F55A6167886CC00F15949 /* webview */,
				D7D4F31D16635B5B003B43EE /* icons */,
				D7DDB30E1675A050009DD198 /* nav */,
			);
			path = images;
			sourceTree = "<group>";
		};
		D7D4F31D16635B5B003B43EE /* icons */ = {
			isa = PBXGroup;
			children = (
				D7D4F31E16635B5B003B43EE /* Icon-72.png */,
				D7D4F31F16635B5B003B43EE /* Icon-Small-50.png */,
				D7D4F32016635B5B003B43EE /* Icon-Small.png */,
				D7D4F32116635B5B003B43EE /* Icon-Small@2x.png */,
				D7D4F32216635B5B003B43EE /* Icon.png */,
				D7D4F32316635B5B003B43EE /* Icon@2x.png */,
				D7D4F32416635B5B003B43EE /* iTunesArtwork.png */,
			);
			path = icons;
			sourceTree = "<group>";
		};
		D7DDB30616759C3C009DD198 /* Nav */ = {
			isa = PBXGroup;
			children = (
				D79826DC1663AE5300054585 /* SFSlideNavViewController.h */,
				D79826DD1663AE5400054585 /* SFSlideNavViewController.m */,
			);
			name = Nav;
			sourceTree = "<group>";
		};
		D7DDB30816759C50009DD198 /* Delegate */ = {
			isa = PBXGroup;
			children = (
				D77CE22916611B8B00F1BC9E /* SFAppDelegate.h */,
				D77CE22A16611B8B00F1BC9E /* SFAppDelegate.m */,
			);
			name = Delegate;
			sourceTree = "<group>";
		};
		D7DDB30916759C78009DD198 /* Base */ = {
			isa = PBXGroup;
			children = (
				D715857616660AD000889FA4 /* SFRootViewController.h */,
				D715857716660AD100889FA4 /* SFRootViewController.m */,
				D73F559F167885B700F15949 /* SFWebViewController.h */,
				D73F55A0167885B700F15949 /* SFWebViewController.m */,
			);
			name = Base;
			sourceTree = "<group>";
		};
		D7DDB30E1675A050009DD198 /* nav */ = {
			isa = PBXGroup;
			children = (
				D797E9FE1683729300D30894 /* slide_navigator_shadow.png */,
				D797E9FF1683729300D30894 /* slide_navigator_shadow@2x.png */,
				D7DDB30F1675A050009DD198 /* back_button_background.png */,
				D7DDB3101675A050009DD198 /* back_button_background@2x.png */,
				D7DDB3111675A050009DD198 /* back_button_pressed_background.png */,
				D7DDB3121675A050009DD198 /* back_button_pressed_background@2x.png */,
				D7DDB3131675A050009DD198 /* navigationbar_light_background.png */,
				D7DDB3141675A050009DD198 /* navigationbar_light_background@2x.png */,
				D7DDB3151675A050009DD198 /* slide_navigator_button.png */,
				D7DDB3161675A050009DD198 /* slide_navigator_button@2x.png */,
				D7DDB3171675A050009DD198 /* slide_navigator_button_pressed.png */,
				D7DDB3181675A050009DD198 /* slide_navigator_button_pressed@2x.png */,
				D7DDB3191675A050009DD198 /* slide_navigator_cell_background.png */,
				D7DDB31A1675A050009DD198 /* slide_navigator_cell_background@2x.png */,
				D7DDB31B1675A050009DD198 /* slide_navigator_cell_chevron.png */,
				D7DDB31C1675A050009DD198 /* slide_navigator_cell_chevron@2x.png */,
				D7DDB31D1675A050009DD198 /* slide_navigator_cell_selected_background.png */,
				D7DDB31E1675A050009DD198 /* slide_navigator_cell_selected_background@2x.png */,
				D7DDB31F1675A050009DD198 /* slide_navigator_cell_selected_chevron.png */,
				D7DDB3201675A050009DD198 /* slide_navigator_cell_selected_chevron@2x.png */,
				D7DDB3211675A050009DD198 /* slide_navigator_dark_backgrond.png */,
				D7DDB3221675A050009DD198 /* slide_navigator_dark_backgrond@2x.png */,
				D7DDB3231675A050009DD198 /* slide_navigator_light_backgrond.png */,
				D7DDB3241675A050009DD198 /* slide_navigator_light_backgrond@2x.png */,
				D7DDB3251675A050009DD198 /* slide_navigator_section_header_background.png */,
				D7DDB3261675A050009DD198 /* slide_navigator_section_header_background@2x.png */,
			);
			path = nav;
			sourceTree = "<group>";
		};
/* End PBXGroup section */

/* Begin PBXNativeTarget section */
		D77CE21516611B8B00F1BC9E /* SegmentFault */ = {
			isa = PBXNativeTarget;
			buildConfigurationList = D77CE23416611B8C00F1BC9E /* Build configuration list for PBXNativeTarget "SegmentFault" */;
			buildPhases = (
				D77CE21216611B8B00F1BC9E /* Sources */,
				D77CE21316611B8B00F1BC9E /* Frameworks */,
				D77CE21416611B8B00F1BC9E /* Resources */,
			);
			buildRules = (
			);
			dependencies = (
			);
			name = SegmentFault;
			productName = SegmentFault;
			productReference = D77CE21616611B8B00F1BC9E /* SegmentFault.app */;
			productType = "com.apple.product-type.application";
		};
/* End PBXNativeTarget section */

/* Begin PBXProject section */
		D77CE20D16611B8B00F1BC9E /* Project object */ = {
			isa = PBXProject;
			attributes = {
				CLASSPREFIX = SF;
				LastUpgradeCheck = 0450;
				ORGANIZATIONNAME = SegmentFault.com;
			};
			buildConfigurationList = D77CE21016611B8B00F1BC9E /* Build configuration list for PBXProject "SegmentFault" */;
			compatibilityVersion = "Xcode 3.2";
			developmentRegion = English;
			hasScannedForEncodings = 0;
			knownRegions = (
				en,
			);
			mainGroup = D77CE20B16611B8B00F1BC9E;
			productRefGroup = D77CE21716611B8B00F1BC9E /* Products */;
			projectDirPath = "";
			projectRoot = "";
			targets = (
				D77CE21516611B8B00F1BC9E /* SegmentFault */,
			);
		};
/* End PBXProject section */

/* Begin PBXResourcesBuildPhase section */
		D77CE21416611B8B00F1BC9E /* Resources */ = {
			isa = PBXResourcesBuildPhase;
			buildActionMask = 2147483647;
			files = (
				D77CE22516611B8B00F1BC9E /* InfoPlist.strings in Resources */,
				D7C09C6C166323090066EAF5 /* Default-568h@2x.png in Resources */,
				D7C09C6D166323090066EAF5 /* Default.png in Resources */,
				D7C09C6E166323090066EAF5 /* Default@2x.png in Resources */,
				D7D4F32516635B5B003B43EE /* Icon-72.png in Resources */,
				D7D4F32616635B5B003B43EE /* Icon-Small-50.png in Resources */,
				D7D4F32716635B5B003B43EE /* Icon-Small.png in Resources */,
				D7D4F32816635B5B003B43EE /* Icon-Small@2x.png in Resources */,
				D7D4F32916635B5B003B43EE /* Icon.png in Resources */,
				D7D4F32A16635B5B003B43EE /* Icon@2x.png in Resources */,
				D7D4F32B16635B5B003B43EE /* iTunesArtwork.png in Resources */,
				D7DDB3271675A050009DD198 /* back_button_background.png in Resources */,
				D7DDB3281675A050009DD198 /* back_button_background@2x.png in Resources */,
				D7DDB3291675A050009DD198 /* back_button_pressed_background.png in Resources */,
				D7DDB32A1675A050009DD198 /* back_button_pressed_background@2x.png in Resources */,
				D7DDB32B1675A050009DD198 /* navigationbar_light_background.png in Resources */,
				D7DDB32C1675A050009DD198 /* navigationbar_light_background@2x.png in Resources */,
				D7DDB32D1675A050009DD198 /* slide_navigator_button.png in Resources */,
				D7DDB32E1675A050009DD198 /* slide_navigator_button@2x.png in Resources */,
				D7DDB32F1675A050009DD198 /* slide_navigator_button_pressed.png in Resources */,
				D7DDB3301675A050009DD198 /* slide_navigator_button_pressed@2x.png in Resources */,
				D7DDB3311675A050009DD198 /* slide_navigator_cell_background.png in Resources */,
				D7DDB3321675A050009DD198 /* slide_navigator_cell_background@2x.png in Resources */,
				D7DDB3331675A050009DD198 /* slide_navigator_cell_chevron.png in Resources */,
				D7DDB3341675A050009DD198 /* slide_navigator_cell_chevron@2x.png in Resources */,
				D7DDB3351675A050009DD198 /* slide_navigator_cell_selected_background.png in Resources */,
				D7DDB3361675A050009DD198 /* slide_navigator_cell_selected_background@2x.png in Resources */,
				D7DDB3371675A050009DD198 /* slide_navigator_cell_selected_chevron.png in Resources */,
				D7DDB3381675A050009DD198 /* slide_navigator_cell_selected_chevron@2x.png in Resources */,
				D7DDB3391675A050009DD198 /* slide_navigator_dark_backgrond.png in Resources */,
				D7DDB33A1675A050009DD198 /* slide_navigator_dark_backgrond@2x.png in Resources */,
				D7DDB33B1675A050009DD198 /* slide_navigator_light_backgrond.png in Resources */,
				D7DDB33C1675A050009DD198 /* slide_navigator_light_backgrond@2x.png in Resources */,
				D7DDB33D1675A050009DD198 /* slide_navigator_section_header_background.png in Resources */,
				D7DDB33E1675A050009DD198 /* slide_navigator_section_header_background@2x.png in Resources */,
				D73F55AB167886CC00F15949 /* goBackItem.png in Resources */,
				D73F55AC167886CC00F15949 /* goBackItem@2x.png in Resources */,
				D73F55AD167886CC00F15949 /* goForwardItem.png in Resources */,
				D73F55AE167886CC00F15949 /* goForwardItem@2x.png in Resources */,
				D797EA001683729300D30894 /* slide_navigator_shadow.png in Resources */,
				D797EA011683729300D30894 /* slide_navigator_shadow@2x.png in Resources */,
				D7A9868316845EE200AB9A61 /* qlist_cell_pop.png in Resources */,
				D7A9868416845EE200AB9A61 /* qlist_cell_pop@2x.png in Resources */,
				D7A9868516845EE200AB9A61 /* qlist_cell_pop_unanswered.png in Resources */,
				D7A9868616845EE200AB9A61 /* qlist_cell_pop_unanswered@2x.png in Resources */,
				D7A9868716845EE200AB9A61 /* qlist_cell_selected_background.png in Resources */,
				D7A9868816845EE200AB9A61 /* qlist_cell_selected_background@2x.png in Resources */,
				D7734D5D1684B7AB000170FC /* sr_refresh.png in Resources */,
				D7734D5E1684B7AB000170FC /* sr_refresh@2X.png in Resources */,
			);
			runOnlyForDeploymentPostprocessing = 0;
		};
/* End PBXResourcesBuildPhase section */

/* Begin PBXSourcesBuildPhase section */
		D77CE21216611B8B00F1BC9E /* Sources */ = {
			isa = PBXSourcesBuildPhase;
			buildActionMask = 2147483647;
			files = (
				D77CE22716611B8B00F1BC9E /* main.m in Sources */,
				D77CE22B16611B8B00F1BC9E /* SFAppDelegate.m in Sources */,
				D7D4F33A16637845003B43EE /* SFMainViewController.m in Sources */,
				D79826DE1663AE5400054585 /* SFSlideNavViewController.m in Sources */,
				D715857816660AD100889FA4 /* SFRootViewController.m in Sources */,
				D7D75CED16673C7300479B3E /* SFQuestionListViewController.m in Sources */,
				D7BA11861670BE8E00ADA329 /* SFTools.m in Sources */,
				D73F5598167883DE00F15949 /* SFQuestionDetailViewController.m in Sources */,
				D73F55A1167885B700F15949 /* SFWebViewController.m in Sources */,
				D7D006091679DB2700F3E107 /* SFLoginViewController.m in Sources */,
				D72E75D2167AEBD7007AECF6 /* SFQuestionService.m in Sources */,
				D72E75D5167AEC4E007AECF6 /* SFQuestion.m in Sources */,
				D7734D5F1684B7AB000170FC /* SRRefreshView.m in Sources */,
				D7734D601684B7AB000170FC /* SRSlimeView.m in Sources */,
				D7734D751684BE93000170FC /* AFHTTPClient.m in Sources */,
				D7734D761684BE93000170FC /* AFHTTPRequestOperation.m in Sources */,
				D7734D771684BE93000170FC /* AFImageRequestOperation.m in Sources */,
				D7734D781684BE93000170FC /* AFJSONRequestOperation.m in Sources */,
				D7734D791684BE93000170FC /* AFNetworkActivityIndicatorManager.m in Sources */,
				D7734D7A1684BE93000170FC /* AFPropertyListRequestOperation.m in Sources */,
				D7734D7B1684BE93000170FC /* AFURLConnectionOperation.m in Sources */,
				D7734D7C1684BE93000170FC /* AFXMLRequestOperation.m in Sources */,
				D7734D7D1684BE93000170FC /* UIImageView+AFNetworking.m in Sources */,
				D78E55DD1685B935002D38FC /* UMNavigationController.m in Sources */,
				D78E55DE1685B935002D38FC /* UMSlideNavigationController.m in Sources */,
				D78E55DF1685B935002D38FC /* UMTools.m in Sources */,
				D78E55E01685B935002D38FC /* UMViewController.m in Sources */,
				D7B217C01685CC3B001269EB /* Kache.m in Sources */,
				D7B217C11685CC3B001269EB /* KHolder.m in Sources */,
				D7B217C21685CC3B001269EB /* KObject.m in Sources */,
				D7B217C31685CC3B001269EB /* KPool.m in Sources */,
				D7B217C41685CC3B001269EB /* KQueue.m in Sources */,
				D7B217C51685CC3B001269EB /* KUtil.m in Sources */,
			);
			runOnlyForDeploymentPostprocessing = 0;
		};
/* End PBXSourcesBuildPhase section */

/* Begin PBXVariantGroup section */
		D77CE22316611B8B00F1BC9E /* InfoPlist.strings */ = {
			isa = PBXVariantGroup;
			children = (
				D77CE22416611B8B00F1BC9E /* en */,
			);
			name = InfoPlist.strings;
			sourceTree = "<group>";
		};
/* End PBXVariantGroup section */

/* Begin XCBuildConfiguration section */
		D77CE23216611B8C00F1BC9E /* Debug */ = {
			isa = XCBuildConfiguration;
			buildSettings = {
				ALWAYS_SEARCH_USER_PATHS = NO;
				CLANG_CXX_LANGUAGE_STANDARD = "gnu++0x";
				CLANG_CXX_LIBRARY = "libc++";
				CLANG_ENABLE_OBJC_ARC = YES;
				CLANG_WARN_EMPTY_BODY = YES;
				CLANG_WARN__DUPLICATE_METHOD_MATCH = YES;
				CODE_SIGN_IDENTITY = "iPhone Developer: Jiajun Gao (SXQ4APL29D)";
				"CODE_SIGN_IDENTITY[sdk=iphoneos*]" = "iPhone Developer: Jiajun Gao (SXQ4APL29D)";
				COPY_PHASE_STRIP = NO;
				GCC_C_LANGUAGE_STANDARD = gnu99;
				GCC_DYNAMIC_NO_PIC = NO;
				GCC_OPTIMIZATION_LEVEL = 0;
				GCC_PREPROCESSOR_DEFINITIONS = (
					"DEBUG=1",
					"$(inherited)",
				);
				GCC_SYMBOLS_PRIVATE_EXTERN = NO;
				GCC_WARN_ABOUT_RETURN_TYPE = YES;
				GCC_WARN_UNINITIALIZED_AUTOS = YES;
				GCC_WARN_UNUSED_VARIABLE = YES;
				IPHONEOS_DEPLOYMENT_TARGET = 6.0;
				ONLY_ACTIVE_ARCH = YES;
				PROVISIONING_PROFILE = "E5C128D9-2487-4E15-88B6-FDE043343538";
				"PROVISIONING_PROFILE[sdk=iphoneos*]" = "E5C128D9-2487-4E15-88B6-FDE043343538";
				SDKROOT = iphoneos;
			};
			name = Debug;
		};
		D77CE23316611B8C00F1BC9E /* Release */ = {
			isa = XCBuildConfiguration;
			buildSettings = {
				ALWAYS_SEARCH_USER_PATHS = NO;
				CLANG_CXX_LANGUAGE_STANDARD = "gnu++0x";
				CLANG_CXX_LIBRARY = "libc++";
				CLANG_ENABLE_OBJC_ARC = YES;
				CLANG_WARN_EMPTY_BODY = YES;
				CLANG_WARN__DUPLICATE_METHOD_MATCH = YES;
				CODE_SIGN_IDENTITY = "iPhone Developer: Jiajun Gao (SXQ4APL29D)";
				"CODE_SIGN_IDENTITY[sdk=iphoneos*]" = "iPhone Developer: Jiajun Gao (SXQ4APL29D)";
				COPY_PHASE_STRIP = YES;
				GCC_C_LANGUAGE_STANDARD = gnu99;
				GCC_WARN_ABOUT_RETURN_TYPE = YES;
				GCC_WARN_UNINITIALIZED_AUTOS = YES;
				GCC_WARN_UNUSED_VARIABLE = YES;
				IPHONEOS_DEPLOYMENT_TARGET = 6.0;
				OTHER_CFLAGS = "-DNS_BLOCK_ASSERTIONS=1";
				PROVISIONING_PROFILE = "E5C128D9-2487-4E15-88B6-FDE043343538";
				"PROVISIONING_PROFILE[sdk=iphoneos*]" = "E5C128D9-2487-4E15-88B6-FDE043343538";
				SDKROOT = iphoneos;
				VALIDATE_PRODUCT = YES;
			};
			name = Release;
		};
		D77CE23516611B8C00F1BC9E /* Debug */ = {
			isa = XCBuildConfiguration;
			buildSettings = {
				CODE_SIGN_IDENTITY = "iPhone Developer: Jiajun Gao (SXQ4APL29D)";
				"CODE_SIGN_IDENTITY[sdk=iphoneos*]" = "iPhone Developer: Jiajun Gao (SXQ4APL29D)";
				GCC_PRECOMPILE_PREFIX_HEADER = YES;
				GCC_PREFIX_HEADER = "SegmentFault/SegmentFault-Prefix.pch";
				INFOPLIST_FILE = "SegmentFault/SegmentFault-Info.plist";
				PRODUCT_NAME = "$(TARGET_NAME)";
				PROVISIONING_PROFILE = "A6DC65D7-46B0-4651-854D-60BAC1E9D6E1";
				"PROVISIONING_PROFILE[sdk=iphoneos*]" = "A6DC65D7-46B0-4651-854D-60BAC1E9D6E1";
				WRAPPER_EXTENSION = app;
			};
			name = Debug;
		};
		D77CE23616611B8C00F1BC9E /* Release */ = {
			isa = XCBuildConfiguration;
			buildSettings = {
				CODE_SIGN_IDENTITY = "iPhone Developer: Jiajun Gao (SXQ4APL29D)";
				"CODE_SIGN_IDENTITY[sdk=iphoneos*]" = "iPhone Developer: Jiajun Gao (SXQ4APL29D)";
				GCC_PRECOMPILE_PREFIX_HEADER = YES;
				GCC_PREFIX_HEADER = "SegmentFault/SegmentFault-Prefix.pch";
				INFOPLIST_FILE = "SegmentFault/SegmentFault-Info.plist";
				PRODUCT_NAME = "$(TARGET_NAME)";
				PROVISIONING_PROFILE = "A6DC65D7-46B0-4651-854D-60BAC1E9D6E1";
				"PROVISIONING_PROFILE[sdk=iphoneos*]" = "A6DC65D7-46B0-4651-854D-60BAC1E9D6E1";
				WRAPPER_EXTENSION = app;
			};
			name = Release;
		};
/* End XCBuildConfiguration section */

/* Begin XCConfigurationList section */
		D77CE21016611B8B00F1BC9E /* Build configuration list for PBXProject "SegmentFault" */ = {
			isa = XCConfigurationList;
			buildConfigurations = (
				D77CE23216611B8C00F1BC9E /* Debug */,
				D77CE23316611B8C00F1BC9E /* Release */,
			);
			defaultConfigurationIsVisible = 0;
			defaultConfigurationName = Release;
		};
		D77CE23416611B8C00F1BC9E /* Build configuration list for PBXNativeTarget "SegmentFault" */ = {
			isa = XCConfigurationList;
			buildConfigurations = (
				D77CE23516611B8C00F1BC9E /* Debug */,
				D77CE23616611B8C00F1BC9E /* Release */,
			);
			defaultConfigurationIsVisible = 0;
			defaultConfigurationName = Release;
		};
/* End XCConfigurationList section */
	};
	rootObject = D77CE20D16611B8B00F1BC9E /* Project object */;
}
