// !$*UTF8*$!
{
	archiveVersion = 1;
	classes = {
	};
	objectVersion = 46;
	objects = {

/* Begin PBXBuildFile section */
		453D55A9172CFAF9000C5533 /* GTMNSString+HTML.m in Sources */ = {isa = PBXBuildFile; fileRef = 453D55A8172CFAF9000C5533 /* GTMNSString+HTML.m */; settings = {COMPILER_FLAGS = "-fno-objc-arc"; }; };
		D70DF7B7168805D300AD1207 /* JSONKit.m in Sources */ = {isa = PBXBuildFile; fileRef = D70DF7B4168805D300AD1207 /* JSONKit.m */; settings = {COMPILER_FLAGS = "-fno-objc-arc"; }; };
		D70DF7CC1688389C00AD1207 /* logout_btn.png in Resources */ = {isa = PBXBuildFile; fileRef = D70DF7C81688389C00AD1207 /* logout_btn.png */; };
		D70DF7CD1688389C00AD1207 /* logout_btn@2x.png in Resources */ = {isa = PBXBuildFile; fileRef = D70DF7C91688389C00AD1207 /* logout_btn@2x.png */; };
		D70DF7CE1688389C00AD1207 /* logout_btn_pressed.png in Resources */ = {isa = PBXBuildFile; fileRef = D70DF7CA1688389C00AD1207 /* logout_btn_pressed.png */; };
		D70DF7CF1688389C00AD1207 /* logout_btn_pressed@2x.png in Resources */ = {isa = PBXBuildFile; fileRef = D70DF7CB1688389C00AD1207 /* logout_btn_pressed@2x.png */; };
		D70DF81816883CAA00AD1207 /* goBackItem.png in Resources */ = {isa = PBXBuildFile; fileRef = D70DF80A16883CAA00AD1207 /* goBackItem.png */; };
		D70DF81916883CAA00AD1207 /* goBackItem@2x.png in Resources */ = {isa = PBXBuildFile; fileRef = D70DF80B16883CAA00AD1207 /* goBackItem@2x.png */; };
		D70DF81A16883CAA00AD1207 /* goForwardItem.png in Resources */ = {isa = PBXBuildFile; fileRef = D70DF80C16883CAA00AD1207 /* goForwardItem.png */; };
		D70DF81B16883CAA00AD1207 /* goForwardItem@2x.png in Resources */ = {isa = PBXBuildFile; fileRef = D70DF80D16883CAA00AD1207 /* goForwardItem@2x.png */; };
		D70DF81C16883CAA00AD1207 /* UMNavigationController.m in Sources */ = {isa = PBXBuildFile; fileRef = D70DF80F16883CAA00AD1207 /* UMNavigationController.m */; };
		D70DF81D16883CAA00AD1207 /* UMSlideNavigationController.m in Sources */ = {isa = PBXBuildFile; fileRef = D70DF81116883CAA00AD1207 /* UMSlideNavigationController.m */; };
		D70DF81E16883CAA00AD1207 /* UMTools.m in Sources */ = {isa = PBXBuildFile; fileRef = D70DF81316883CAA00AD1207 /* UMTools.m */; };
		D70DF81F16883CAA00AD1207 /* UMViewController.m in Sources */ = {isa = PBXBuildFile; fileRef = D70DF81516883CAA00AD1207 /* UMViewController.m */; };
		D70DF82016883CAA00AD1207 /* UMWebViewController.m in Sources */ = {isa = PBXBuildFile; fileRef = D70DF81716883CAA00AD1207 /* UMWebViewController.m */; };
		D71B378A16E496CC00E7F87C /* question_list_vote.png in Resources */ = {isa = PBXBuildFile; fileRef = D71B378816E496CC00E7F87C /* question_list_vote.png */; };
		D71B378B16E496CC00E7F87C /* question_list_vote@2x.png in Resources */ = {isa = PBXBuildFile; fileRef = D71B378916E496CC00E7F87C /* question_list_vote@2x.png */; };
		D71B4CD316E5C984007484B7 /* question_list_header_bg.png in Resources */ = {isa = PBXBuildFile; fileRef = D71B4CD116E5C984007484B7 /* question_list_header_bg.png */; };
		D71B4CD416E5C984007484B7 /* question_list_header_bg@2x.png in Resources */ = {isa = PBXBuildFile; fileRef = D71B4CD216E5C984007484B7 /* question_list_header_bg@2x.png */; };
		D7627873169FCA95007E73B2 /* QuestionDetail.html.txt in Resources */ = {isa = PBXBuildFile; fileRef = D7627872169FCA95007E73B2 /* QuestionDetail.html.txt */; };
		D7734D5D1684B7AB000170FC /* sr_refresh.png in Resources */ = {isa = PBXBuildFile; fileRef = D7734D561684B7AB000170FC /* sr_refresh.png */; };
		D7734D5E1684B7AB000170FC /* sr_refresh@2X.png in Resources */ = {isa = PBXBuildFile; fileRef = D7734D571684B7AB000170FC /* sr_refresh@2X.png */; };
		D7734D5F1684B7AB000170FC /* SRRefreshView.m in Sources */ = {isa = PBXBuildFile; fileRef = D7734D5A1684B7AB000170FC /* SRRefreshView.m */; };
		D7734D601684B7AB000170FC /* SRSlimeView.m in Sources */ = {isa = PBXBuildFile; fileRef = D7734D5C1684B7AB000170FC /* SRSlimeView.m */; };
		D7734D751684BE93000170FC /* AFHTTPClient.m in Sources */ = {isa = PBXBuildFile; fileRef = D7734D631684BE93000170FC /* AFHTTPClient.m */; };
		D7734D761684BE93000170FC /* AFHTTPRequestOperation.m in Sources */ = {isa = PBXBuildFile; fileRef = D7734D651684BE93000170FC /* AFHTTPRequestOperation.m */; };
		D7734D771684BE93000170FC /* AFImageRequestOperation.m in Sources */ = {isa = PBXBuildFile; fileRef = D7734D671684BE93000170FC /* AFImageRequestOperation.m */; };
		D7734D781684BE93000170FC /* AFJSONRequestOperation.m in Sources */ = {isa = PBXBuildFile; fileRef = D7734D691684BE93000170FC /* AFJSONRequestOperation.m */; };
		D7734D791684BE93000170FC /* AFNetworkActivityIndicatorManager.m in Sources */ = {isa = PBXBuildFile; fileRef = D7734D6B1684BE93000170FC /* AFNetworkActivityIndicatorManager.m */; };
		D7734D7A1684BE93000170FC /* AFPropertyListRequestOperation.m in Sources */ = {isa = PBXBuildFile; fileRef = D7734D6E1684BE93000170FC /* AFPropertyListRequestOperation.m */; };
		D7734D7B1684BE93000170FC /* AFURLConnectionOperation.m in Sources */ = {isa = PBXBuildFile; fileRef = D7734D701684BE93000170FC /* AFURLConnectionOperation.m */; };
		D7734D7C1684BE93000170FC /* AFXMLRequestOperation.m in Sources */ = {isa = PBXBuildFile; fileRef = D7734D721684BE93000170FC /* AFXMLRequestOperation.m */; };
		D7734D7D1684BE93000170FC /* UIImageView+AFNetworking.m in Sources */ = {isa = PBXBuildFile; fileRef = D7734D741684BE93000170FC /* UIImageView+AFNetworking.m */; };
		D779BF8D16E6F5D600771ECE /* question_list_cell_sep.png in Resources */ = {isa = PBXBuildFile; fileRef = D779BF8B16E6F5D600771ECE /* question_list_cell_sep.png */; };
		D779BF8E16E6F5D600771ECE /* question_list_cell_sep@2x.png in Resources */ = {isa = PBXBuildFile; fileRef = D779BF8C16E6F5D600771ECE /* question_list_cell_sep@2x.png */; };
		D77CE21B16611B8B00F1BC9E /* UIKit.framework in Frameworks */ = {isa = PBXBuildFile; fileRef = D77CE21A16611B8B00F1BC9E /* UIKit.framework */; };
		D77CE21D16611B8B00F1BC9E /* Foundation.framework in Frameworks */ = {isa = PBXBuildFile; fileRef = D77CE21C16611B8B00F1BC9E /* Foundation.framework */; };
		D77CE21F16611B8B00F1BC9E /* CoreGraphics.framework in Frameworks */ = {isa = PBXBuildFile; fileRef = D77CE21E16611B8B00F1BC9E /* CoreGraphics.framework */; };
		D77CE22516611B8B00F1BC9E /* InfoPlist.strings in Resources */ = {isa = PBXBuildFile; fileRef = D77CE22316611B8B00F1BC9E /* InfoPlist.strings */; };
		D77CE22716611B8B00F1BC9E /* main.m in Sources */ = {isa = PBXBuildFile; fileRef = D77CE22616611B8B00F1BC9E /* main.m */; };
		D78452BB16E0698100FFBAB9 /* SFLabel.m in Sources */ = {isa = PBXBuildFile; fileRef = D78452BA16E0698100FFBAB9 /* SFLabel.m */; };
		D79826CC1663A33900054585 /* CFNetwork.framework in Frameworks */ = {isa = PBXBuildFile; fileRef = D79826CB1663A33900054585 /* CFNetwork.framework */; };
		D79826CE1663A37400054585 /* SystemConfiguration.framework in Frameworks */ = {isa = PBXBuildFile; fileRef = D79826CD1663A37400054585 /* SystemConfiguration.framework */; };
		D79826D01663A37C00054585 /* MobileCoreServices.framework in Frameworks */ = {isa = PBXBuildFile; fileRef = D79826CF1663A37C00054585 /* MobileCoreServices.framework */; };
		D79826D21663A38400054585 /* QuartzCore.framework in Frameworks */ = {isa = PBXBuildFile; fileRef = D79826D11663A38400054585 /* QuartzCore.framework */; };
		D79826D41663A3A500054585 /* libz.1.2.5.dylib in Frameworks */ = {isa = PBXBuildFile; fileRef = D79826D31663A3A500054585 /* libz.1.2.5.dylib */; };
		D79D2E8C16A2DF2B00BC74DC /* SFQuestion.m in Sources */ = {isa = PBXBuildFile; fileRef = D79D2E6D16A2DF2B00BC74DC /* SFQuestion.m */; };
		D79D2E8D16A2DF2B00BC74DC /* SFAppDelegate.m in Sources */ = {isa = PBXBuildFile; fileRef = D79D2E7016A2DF2B00BC74DC /* SFAppDelegate.m */; };
		D79D2E8E16A2DF2B00BC74DC /* SFLoginService.m in Sources */ = {isa = PBXBuildFile; fileRef = D79D2E7316A2DF2B00BC74DC /* SFLoginService.m */; };
		D79D2E8F16A2DF2B00BC74DC /* SFQuestionService.m in Sources */ = {isa = PBXBuildFile; fileRef = D79D2E7516A2DF2B00BC74DC /* SFQuestionService.m */; };
		D79D2E9016A2DF2B00BC74DC /* SFTools.m in Sources */ = {isa = PBXBuildFile; fileRef = D79D2E7816A2DF2B00BC74DC /* SFTools.m */; };
		D79D2E9116A2DF2B00BC74DC /* SFRootViewController.m in Sources */ = {isa = PBXBuildFile; fileRef = D79D2E7C16A2DF2B00BC74DC /* SFRootViewController.m */; };
		D79D2E9216A2DF2B00BC74DC /* SFWebViewController.m in Sources */ = {isa = PBXBuildFile; fileRef = D79D2E7E16A2DF2B00BC74DC /* SFWebViewController.m */; };
		D79D2E9316A2DF2B00BC74DC /* SFLoginViewController.m in Sources */ = {isa = PBXBuildFile; fileRef = D79D2E8016A2DF2B00BC74DC /* SFLoginViewController.m */; };
		D79D2E9416A2DF2B00BC74DC /* SFQuestionDetailViewController.m in Sources */ = {isa = PBXBuildFile; fileRef = D79D2E8216A2DF2B00BC74DC /* SFQuestionDetailViewController.m */; };
		D79D2E9516A2DF2B00BC74DC /* SFQuestionListViewController.m in Sources */ = {isa = PBXBuildFile; fileRef = D79D2E8416A2DF2B00BC74DC /* SFQuestionListViewController.m */; };
		D79D2E9716A2DF2B00BC74DC /* SFLocalWebView.m in Sources */ = {isa = PBXBuildFile; fileRef = D79D2E8916A2DF2B00BC74DC /* SFLocalWebView.m */; };
		D79D2E9C16A2E07800BC74DC /* SFSlideNavViewController.m in Sources */ = {isa = PBXBuildFile; fileRef = D79D2E9B16A2E07800BC74DC /* SFSlideNavViewController.m */; };
		D79D2E9F16A2F78B00BC74DC /* SFMessager.m in Sources */ = {isa = PBXBuildFile; fileRef = D79D2E9E16A2F78B00BC74DC /* SFMessager.m */; };
		D7A9868316845EE200AB9A61 /* qlist_cell_pop.png in Resources */ = {isa = PBXBuildFile; fileRef = D7A9867D16845EE200AB9A61 /* qlist_cell_pop.png */; };
		D7A9868416845EE200AB9A61 /* qlist_cell_pop@2x.png in Resources */ = {isa = PBXBuildFile; fileRef = D7A9867E16845EE200AB9A61 /* qlist_cell_pop@2x.png */; };
		D7A9868516845EE200AB9A61 /* qlist_cell_pop_unanswered.png in Resources */ = {isa = PBXBuildFile; fileRef = D7A9867F16845EE200AB9A61 /* qlist_cell_pop_unanswered.png */; };
		D7A9868616845EE200AB9A61 /* qlist_cell_pop_unanswered@2x.png in Resources */ = {isa = PBXBuildFile; fileRef = D7A9868016845EE200AB9A61 /* qlist_cell_pop_unanswered@2x.png */; };
		D7A9868716845EE200AB9A61 /* qlist_cell_selected_background.png in Resources */ = {isa = PBXBuildFile; fileRef = D7A9868116845EE200AB9A61 /* qlist_cell_selected_background.png */; };
		D7A9868816845EE200AB9A61 /* qlist_cell_selected_background@2x.png in Resources */ = {isa = PBXBuildFile; fileRef = D7A9868216845EE200AB9A61 /* qlist_cell_selected_background@2x.png */; };
		D7B217C01685CC3B001269EB /* Kache.m in Sources */ = {isa = PBXBuildFile; fileRef = D7B217B31685CC3B001269EB /* Kache.m */; };
		D7B217C11685CC3B001269EB /* KHolder.m in Sources */ = {isa = PBXBuildFile; fileRef = D7B217B71685CC3B001269EB /* KHolder.m */; };
		D7B217C21685CC3B001269EB /* KObject.m in Sources */ = {isa = PBXBuildFile; fileRef = D7B217B91685CC3B001269EB /* KObject.m */; };
		D7B217C31685CC3B001269EB /* KPool.m in Sources */ = {isa = PBXBuildFile; fileRef = D7B217BB1685CC3B001269EB /* KPool.m */; };
		D7B217C41685CC3B001269EB /* KQueue.m in Sources */ = {isa = PBXBuildFile; fileRef = D7B217BD1685CC3B001269EB /* KQueue.m */; };
		D7B217C51685CC3B001269EB /* KUtil.m in Sources */ = {isa = PBXBuildFile; fileRef = D7B217BF1685CC3B001269EB /* KUtil.m */; };
		D7C09C6C166323090066EAF5 /* Default-568h@2x.png in Resources */ = {isa = PBXBuildFile; fileRef = D7C09C69166323090066EAF5 /* Default-568h@2x.png */; };
		D7C09C6D166323090066EAF5 /* Default.png in Resources */ = {isa = PBXBuildFile; fileRef = D7C09C6A166323090066EAF5 /* Default.png */; };
		D7C09C6E166323090066EAF5 /* Default@2x.png in Resources */ = {isa = PBXBuildFile; fileRef = D7C09C6B166323090066EAF5 /* Default@2x.png */; };
		D7D408831687253D00C5C256 /* AnswerDetail.js.txt in Resources */ = {isa = PBXBuildFile; fileRef = D7D408821687253D00C5C256 /* AnswerDetail.js.txt */; };
		D7D4F32516635B5B003B43EE /* Icon-72.png in Resources */ = {isa = PBXBuildFile; fileRef = D7D4F31E16635B5B003B43EE /* Icon-72.png */; };
		D7D4F32616635B5B003B43EE /* Icon-Small-50.png in Resources */ = {isa = PBXBuildFile; fileRef = D7D4F31F16635B5B003B43EE /* Icon-Small-50.png */; };
		D7D4F32716635B5B003B43EE /* Icon-Small.png in Resources */ = {isa = PBXBuildFile; fileRef = D7D4F32016635B5B003B43EE /* Icon-Small.png */; };
		D7D4F32816635B5B003B43EE /* Icon-Small@2x.png in Resources */ = {isa = PBXBuildFile; fileRef = D7D4F32116635B5B003B43EE /* Icon-Small@2x.png */; };
		D7D4F32916635B5B003B43EE /* Icon.png in Resources */ = {isa = PBXBuildFile; fileRef = D7D4F32216635B5B003B43EE /* Icon.png */; };
		D7D4F32A16635B5B003B43EE /* Icon@2x.png in Resources */ = {isa = PBXBuildFile; fileRef = D7D4F32316635B5B003B43EE /* Icon@2x.png */; };
		D7D4F32B16635B5B003B43EE /* iTunesArtwork.png in Resources */ = {isa = PBXBuildFile; fileRef = D7D4F32416635B5B003B43EE /* iTunesArtwork.png */; };
		D7D5D95C16DF7F5B00C25B65 /* nav_cell_arrow_active.png in Resources */ = {isa = PBXBuildFile; fileRef = D7D5D95216DF7F5B00C25B65 /* nav_cell_arrow_active.png */; };
		D7D5D95D16DF7F5B00C25B65 /* nav_cell_arrow_active@2x.png in Resources */ = {isa = PBXBuildFile; fileRef = D7D5D95316DF7F5B00C25B65 /* nav_cell_arrow_active@2x.png */; };
		D7D5D95E16DF7F5B00C25B65 /* nav_cell_arrow.png in Resources */ = {isa = PBXBuildFile; fileRef = D7D5D95416DF7F5B00C25B65 /* nav_cell_arrow.png */; };
		D7D5D95F16DF7F5B00C25B65 /* nav_cell_arrow@2x.png in Resources */ = {isa = PBXBuildFile; fileRef = D7D5D95516DF7F5B00C25B65 /* nav_cell_arrow@2x.png */; };
		D7D5D96016DF7F5B00C25B65 /* nav_cell_bg_active.png in Resources */ = {isa = PBXBuildFile; fileRef = D7D5D95616DF7F5B00C25B65 /* nav_cell_bg_active.png */; };
		D7D5D96116DF7F5B00C25B65 /* nav_cell_bg_active@2x.png in Resources */ = {isa = PBXBuildFile; fileRef = D7D5D95716DF7F5B00C25B65 /* nav_cell_bg_active@2x.png */; };
		D7D5D96216DF7F5B00C25B65 /* nav_cell_bg.png in Resources */ = {isa = PBXBuildFile; fileRef = D7D5D95816DF7F5B00C25B65 /* nav_cell_bg.png */; };
		D7D5D96316DF7F5B00C25B65 /* nav_cell_bg@2x.png in Resources */ = {isa = PBXBuildFile; fileRef = D7D5D95916DF7F5B00C25B65 /* nav_cell_bg@2x.png */; };
		D7D5D96416DF7F5B00C25B65 /* nav_menu.png in Resources */ = {isa = PBXBuildFile; fileRef = D7D5D95A16DF7F5B00C25B65 /* nav_menu.png */; };
		D7D5D96516DF7F5B00C25B65 /* nav_menu@2x.png in Resources */ = {isa = PBXBuildFile; fileRef = D7D5D95B16DF7F5B00C25B65 /* nav_menu@2x.png */; };
		D7D5D96816DF80C600C25B65 /* nav_back.png in Resources */ = {isa = PBXBuildFile; fileRef = D7D5D96616DF80C600C25B65 /* nav_back.png */; };
		D7D5D96916DF80C600C25B65 /* nav_back@2x.png in Resources */ = {isa = PBXBuildFile; fileRef = D7D5D96716DF80C600C25B65 /* nav_back@2x.png */; };
		D7D5D96C16DF988F00C25B65 /* nav_bar_bg.png in Resources */ = {isa = PBXBuildFile; fileRef = D7D5D96A16DF988F00C25B65 /* nav_bar_bg.png */; };
		D7D5D96D16DF988F00C25B65 /* nav_bar_bg@2x.png in Resources */ = {isa = PBXBuildFile; fileRef = D7D5D96B16DF988F00C25B65 /* nav_bar_bg@2x.png */; };
		D7D5D97016DF9B9100C25B65 /* slide_navigator_shadow.png in Resources */ = {isa = PBXBuildFile; fileRef = D7D5D96E16DF9B9100C25B65 /* slide_navigator_shadow.png */; };
		D7D5D97116DF9B9100C25B65 /* slide_navigator_shadow@2x.png in Resources */ = {isa = PBXBuildFile; fileRef = D7D5D96F16DF9B9100C25B65 /* slide_navigator_shadow@2x.png */; };
		D7D5D97816DFA09400C25B65 /* SFQuestionListCell.m in Sources */ = {isa = PBXBuildFile; fileRef = D7D5D97716DFA09400C25B65 /* SFQuestionListCell.m */; };
		D7DDB3271675A050009DD198 /* back_button_background.png in Resources */ = {isa = PBXBuildFile; fileRef = D7DDB30F1675A050009DD198 /* back_button_background.png */; };
		D7DDB3281675A050009DD198 /* back_button_background@2x.png in Resources */ = {isa = PBXBuildFile; fileRef = D7DDB3101675A050009DD198 /* back_button_background@2x.png */; };
		D7DDB3291675A050009DD198 /* back_button_pressed_background.png in Resources */ = {isa = PBXBuildFile; fileRef = D7DDB3111675A050009DD198 /* back_button_pressed_background.png */; };
		D7DDB32A1675A050009DD198 /* back_button_pressed_background@2x.png in Resources */ = {isa = PBXBuildFile; fileRef = D7DDB3121675A050009DD198 /* back_button_pressed_background@2x.png */; };
		D7DDB32B1675A050009DD198 /* navigationbar_light_background.png in Resources */ = {isa = PBXBuildFile; fileRef = D7DDB3131675A050009DD198 /* navigationbar_light_background.png */; };
		D7DDB32C1675A050009DD198 /* navigationbar_light_background@2x.png in Resources */ = {isa = PBXBuildFile; fileRef = D7DDB3141675A050009DD198 /* navigationbar_light_background@2x.png */; };
		D7DDB32D1675A050009DD198 /* slide_navigator_button.png in Resources */ = {isa = PBXBuildFile; fileRef = D7DDB3151675A050009DD198 /* slide_navigator_button.png */; };
		D7DDB32E1675A050009DD198 /* slide_navigator_button@2x.png in Resources */ = {isa = PBXBuildFile; fileRef = D7DDB3161675A050009DD198 /* slide_navigator_button@2x.png */; };
		D7DDB32F1675A050009DD198 /* slide_navigator_button_pressed.png in Resources */ = {isa = PBXBuildFile; fileRef = D7DDB3171675A050009DD198 /* slide_navigator_button_pressed.png */; };
		D7DDB3301675A050009DD198 /* slide_navigator_button_pressed@2x.png in Resources */ = {isa = PBXBuildFile; fileRef = D7DDB3181675A050009DD198 /* slide_navigator_button_pressed@2x.png */; };
		D7DDB3311675A050009DD198 /* slide_navigator_cell_background.png in Resources */ = {isa = PBXBuildFile; fileRef = D7DDB3191675A050009DD198 /* slide_navigator_cell_background.png */; };
		D7DDB3321675A050009DD198 /* slide_navigator_cell_background@2x.png in Resources */ = {isa = PBXBuildFile; fileRef = D7DDB31A1675A050009DD198 /* slide_navigator_cell_background@2x.png */; };
		D7DDB3331675A050009DD198 /* slide_navigator_cell_chevron.png in Resources */ = {isa = PBXBuildFile; fileRef = D7DDB31B1675A050009DD198 /* slide_navigator_cell_chevron.png */; };
		D7DDB3341675A050009DD198 /* slide_navigator_cell_chevron@2x.png in Resources */ = {isa = PBXBuildFile; fileRef = D7DDB31C1675A050009DD198 /* slide_navigator_cell_chevron@2x.png */; };
		D7DDB3351675A050009DD198 /* slide_navigator_cell_selected_background.png in Resources */ = {isa = PBXBuildFile; fileRef = D7DDB31D1675A050009DD198 /* slide_navigator_cell_selected_background.png */; };
		D7DDB3361675A050009DD198 /* slide_navigator_cell_selected_background@2x.png in Resources */ = {isa = PBXBuildFile; fileRef = D7DDB31E1675A050009DD198 /* slide_navigator_cell_selected_background@2x.png */; };
		D7DDB3371675A050009DD198 /* slide_navigator_cell_selected_chevron.png in Resources */ = {isa = PBXBuildFile; fileRef = D7DDB31F1675A050009DD198 /* slide_navigator_cell_selected_chevron.png */; };
		D7DDB3381675A050009DD198 /* slide_navigator_cell_selected_chevron@2x.png in Resources */ = {isa = PBXBuildFile; fileRef = D7DDB3201675A050009DD198 /* slide_navigator_cell_selected_chevron@2x.png */; };
		D7DDB3391675A050009DD198 /* slide_navigator_dark_backgrond.png in Resources */ = {isa = PBXBuildFile; fileRef = D7DDB3211675A050009DD198 /* slide_navigator_dark_backgrond.png */; };
		D7DDB33A1675A050009DD198 /* slide_navigator_dark_backgrond@2x.png in Resources */ = {isa = PBXBuildFile; fileRef = D7DDB3221675A050009DD198 /* slide_navigator_dark_backgrond@2x.png */; };
		D7DDB33B1675A050009DD198 /* slide_navigator_light_backgrond.png in Resources */ = {isa = PBXBuildFile; fileRef = D7DDB3231675A050009DD198 /* slide_navigator_light_backgrond.png */; };
		D7DDB33C1675A050009DD198 /* slide_navigator_light_backgrond@2x.png in Resources */ = {isa = PBXBuildFile; fileRef = D7DDB3241675A050009DD198 /* slide_navigator_light_backgrond@2x.png */; };
		D7DDB33D1675A050009DD198 /* slide_navigator_section_header_background.png in Resources */ = {isa = PBXBuildFile; fileRef = D7DDB3251675A050009DD198 /* slide_navigator_section_header_background.png */; };
		D7DDB33E1675A050009DD198 /* slide_navigator_section_header_background@2x.png in Resources */ = {isa = PBXBuildFile; fileRef = D7DDB3261675A050009DD198 /* slide_navigator_section_header_background@2x.png */; };
		D7E43B6416A66B44001B6FFA /* GetQuestionDetail.js.txt in Resources */ = {isa = PBXBuildFile; fileRef = D7E43B6316A66B44001B6FFA /* GetQuestionDetail.js.txt */; };
		D7E43B6716A66B57001B6FFA /* GetQuestionAnswer.js.txt in Resources */ = {isa = PBXBuildFile; fileRef = D7E43B6616A66B57001B6FFA /* GetQuestionAnswer.js.txt */; };
		D7E43B6916A677B9001B6FFA /* AnswerDetail.html.txt in Resources */ = {isa = PBXBuildFile; fileRef = D7E43B6816A677B9001B6FFA /* AnswerDetail.html.txt */; };
		D7F0AB9716A408100014F39E /* question_detail_section_header_background.png in Resources */ = {isa = PBXBuildFile; fileRef = D7F0AB9516A408100014F39E /* question_detail_section_header_background.png */; };
		D7F0AB9816A408100014F39E /* question_detail_section_header_background@2x.png in Resources */ = {isa = PBXBuildFile; fileRef = D7F0AB9616A408100014F39E /* question_detail_section_header_background@2x.png */; };
/* End PBXBuildFile section */

/* Begin PBXFileReference section */
		453D55A4172CFAD7000C5533 /* GTMDefines.h */ = {isa = PBXFileReference; fileEncoding = 4; lastKnownFileType = sourcecode.c.h; path = GTMDefines.h; sourceTree = "<group>"; };
		453D55A7172CFAF9000C5533 /* GTMNSString+HTML.h */ = {isa = PBXFileReference; fileEncoding = 4; lastKnownFileType = sourcecode.c.h; name = "GTMNSString+HTML.h"; path = "Foundation/GTMNSString+HTML.h"; sourceTree = "<group>"; };
		453D55A8172CFAF9000C5533 /* GTMNSString+HTML.m */ = {isa = PBXFileReference; fileEncoding = 4; lastKnownFileType = sourcecode.c.objc; name = "GTMNSString+HTML.m"; path = "Foundation/GTMNSString+HTML.m"; sourceTree = "<group>"; };
		D70DF7B3168805D300AD1207 /* JSONKit.h */ = {isa = PBXFileReference; fileEncoding = 4; lastKnownFileType = sourcecode.c.h; path = JSONKit.h; sourceTree = "<group>"; };
		D70DF7B4168805D300AD1207 /* JSONKit.m */ = {isa = PBXFileReference; fileEncoding = 4; lastKnownFileType = sourcecode.c.objc; path = JSONKit.m; sourceTree = "<group>"; };
		D70DF7C81688389C00AD1207 /* logout_btn.png */ = {isa = PBXFileReference; lastKnownFileType = image.png; path = logout_btn.png; sourceTree = "<group>"; };
		D70DF7C91688389C00AD1207 /* logout_btn@2x.png */ = {isa = PBXFileReference; lastKnownFileType = image.png; path = "logout_btn@2x.png"; sourceTree = "<group>"; };
		D70DF7CA1688389C00AD1207 /* logout_btn_pressed.png */ = {isa = PBXFileReference; lastKnownFileType = image.png; path = logout_btn_pressed.png; sourceTree = "<group>"; };
		D70DF7CB1688389C00AD1207 /* logout_btn_pressed@2x.png */ = {isa = PBXFileReference; lastKnownFileType = image.png; path = "logout_btn_pressed@2x.png"; sourceTree = "<group>"; };
		D70DF80A16883CAA00AD1207 /* goBackItem.png */ = {isa = PBXFileReference; lastKnownFileType = image.png; path = goBackItem.png; sourceTree = "<group>"; };
		D70DF80B16883CAA00AD1207 /* goBackItem@2x.png */ = {isa = PBXFileReference; lastKnownFileType = image.png; path = "goBackItem@2x.png"; sourceTree = "<group>"; };
		D70DF80C16883CAA00AD1207 /* goForwardItem.png */ = {isa = PBXFileReference; lastKnownFileType = image.png; path = goForwardItem.png; sourceTree = "<group>"; };
		D70DF80D16883CAA00AD1207 /* goForwardItem@2x.png */ = {isa = PBXFileReference; lastKnownFileType = image.png; path = "goForwardItem@2x.png"; sourceTree = "<group>"; };
		D70DF80E16883CAA00AD1207 /* UMNavigationController.h */ = {isa = PBXFileReference; fileEncoding = 4; lastKnownFileType = sourcecode.c.h; path = UMNavigationController.h; sourceTree = "<group>"; };
		D70DF80F16883CAA00AD1207 /* UMNavigationController.m */ = {isa = PBXFileReference; fileEncoding = 4; lastKnownFileType = sourcecode.c.objc; path = UMNavigationController.m; sourceTree = "<group>"; };
		D70DF81016883CAA00AD1207 /* UMSlideNavigationController.h */ = {isa = PBXFileReference; fileEncoding = 4; lastKnownFileType = sourcecode.c.h; path = UMSlideNavigationController.h; sourceTree = "<group>"; };
		D70DF81116883CAA00AD1207 /* UMSlideNavigationController.m */ = {isa = PBXFileReference; fileEncoding = 4; lastKnownFileType = sourcecode.c.objc; path = UMSlideNavigationController.m; sourceTree = "<group>"; };
		D70DF81216883CAA00AD1207 /* UMTools.h */ = {isa = PBXFileReference; fileEncoding = 4; lastKnownFileType = sourcecode.c.h; path = UMTools.h; sourceTree = "<group>"; };
		D70DF81316883CAA00AD1207 /* UMTools.m */ = {isa = PBXFileReference; fileEncoding = 4; lastKnownFileType = sourcecode.c.objc; path = UMTools.m; sourceTree = "<group>"; };
		D70DF81416883CAA00AD1207 /* UMViewController.h */ = {isa = PBXFileReference; fileEncoding = 4; lastKnownFileType = sourcecode.c.h; path = UMViewController.h; sourceTree = "<group>"; };
		D70DF81516883CAA00AD1207 /* UMViewController.m */ = {isa = PBXFileReference; fileEncoding = 4; lastKnownFileType = sourcecode.c.objc; path = UMViewController.m; sourceTree = "<group>"; };
		D70DF81616883CAA00AD1207 /* UMWebViewController.h */ = {isa = PBXFileReference; fileEncoding = 4; lastKnownFileType = sourcecode.c.h; path = UMWebViewController.h; sourceTree = "<group>"; };
		D70DF81716883CAA00AD1207 /* UMWebViewController.m */ = {isa = PBXFileReference; fileEncoding = 4; lastKnownFileType = sourcecode.c.objc; path = UMWebViewController.m; sourceTree = "<group>"; };
		D71B378816E496CC00E7F87C /* question_list_vote.png */ = {isa = PBXFileReference; lastKnownFileType = image.png; path = question_list_vote.png; sourceTree = "<group>"; };
		D71B378916E496CC00E7F87C /* question_list_vote@2x.png */ = {isa = PBXFileReference; lastKnownFileType = image.png; path = "question_list_vote@2x.png"; sourceTree = "<group>"; };
		D71B4CD116E5C984007484B7 /* question_list_header_bg.png */ = {isa = PBXFileReference; lastKnownFileType = image.png; path = question_list_header_bg.png; sourceTree = "<group>"; };
		D71B4CD216E5C984007484B7 /* question_list_header_bg@2x.png */ = {isa = PBXFileReference; lastKnownFileType = image.png; path = "question_list_header_bg@2x.png"; sourceTree = "<group>"; };
		D7627872169FCA95007E73B2 /* QuestionDetail.html.txt */ = {isa = PBXFileReference; fileEncoding = 4; lastKnownFileType = text; path = QuestionDetail.html.txt; sourceTree = "<group>"; };
		D7734D561684B7AB000170FC /* sr_refresh.png */ = {isa = PBXFileReference; lastKnownFileType = image.png; path = sr_refresh.png; sourceTree = "<group>"; };
		D7734D571684B7AB000170FC /* sr_refresh@2X.png */ = {isa = PBXFileReference; lastKnownFileType = image.png; path = "sr_refresh@2X.png"; sourceTree = "<group>"; };
		D7734D581684B7AB000170FC /* SRDefine.h */ = {isa = PBXFileReference; fileEncoding = 4; lastKnownFileType = sourcecode.c.h; path = SRDefine.h; sourceTree = "<group>"; };
		D7734D591684B7AB000170FC /* SRRefreshView.h */ = {isa = PBXFileReference; fileEncoding = 4; lastKnownFileType = sourcecode.c.h; path = SRRefreshView.h; sourceTree = "<group>"; };
		D7734D5A1684B7AB000170FC /* SRRefreshView.m */ = {isa = PBXFileReference; fileEncoding = 4; lastKnownFileType = sourcecode.c.objc; path = SRRefreshView.m; sourceTree = "<group>"; };
		D7734D5B1684B7AB000170FC /* SRSlimeView.h */ = {isa = PBXFileReference; fileEncoding = 4; lastKnownFileType = sourcecode.c.h; path = SRSlimeView.h; sourceTree = "<group>"; };
		D7734D5C1684B7AB000170FC /* SRSlimeView.m */ = {isa = PBXFileReference; fileEncoding = 4; lastKnownFileType = sourcecode.c.objc; path = SRSlimeView.m; sourceTree = "<group>"; };
		D7734D621684BE93000170FC /* AFHTTPClient.h */ = {isa = PBXFileReference; fileEncoding = 4; lastKnownFileType = sourcecode.c.h; path = AFHTTPClient.h; sourceTree = "<group>"; };
		D7734D631684BE93000170FC /* AFHTTPClient.m */ = {isa = PBXFileReference; fileEncoding = 4; lastKnownFileType = sourcecode.c.objc; path = AFHTTPClient.m; sourceTree = "<group>"; };
		D7734D641684BE93000170FC /* AFHTTPRequestOperation.h */ = {isa = PBXFileReference; fileEncoding = 4; lastKnownFileType = sourcecode.c.h; path = AFHTTPRequestOperation.h; sourceTree = "<group>"; };
		D7734D651684BE93000170FC /* AFHTTPRequestOperation.m */ = {isa = PBXFileReference; fileEncoding = 4; lastKnownFileType = sourcecode.c.objc; path = AFHTTPRequestOperation.m; sourceTree = "<group>"; };
		D7734D661684BE93000170FC /* AFImageRequestOperation.h */ = {isa = PBXFileReference; fileEncoding = 4; lastKnownFileType = sourcecode.c.h; path = AFImageRequestOperation.h; sourceTree = "<group>"; };
		D7734D671684BE93000170FC /* AFImageRequestOperation.m */ = {isa = PBXFileReference; fileEncoding = 4; lastKnownFileType = sourcecode.c.objc; path = AFImageRequestOperation.m; sourceTree = "<group>"; };
		D7734D681684BE93000170FC /* AFJSONRequestOperation.h */ = {isa = PBXFileReference; fileEncoding = 4; lastKnownFileType = sourcecode.c.h; path = AFJSONRequestOperation.h; sourceTree = "<group>"; };
		D7734D691684BE93000170FC /* AFJSONRequestOperation.m */ = {isa = PBXFileReference; fileEncoding = 4; lastKnownFileType = sourcecode.c.objc; path = AFJSONRequestOperation.m; sourceTree = "<group>"; };
		D7734D6A1684BE93000170FC /* AFNetworkActivityIndicatorManager.h */ = {isa = PBXFileReference; fileEncoding = 4; lastKnownFileType = sourcecode.c.h; path = AFNetworkActivityIndicatorManager.h; sourceTree = "<group>"; };
		D7734D6B1684BE93000170FC /* AFNetworkActivityIndicatorManager.m */ = {isa = PBXFileReference; fileEncoding = 4; lastKnownFileType = sourcecode.c.objc; path = AFNetworkActivityIndicatorManager.m; sourceTree = "<group>"; };
		D7734D6C1684BE93000170FC /* AFNetworking.h */ = {isa = PBXFileReference; fileEncoding = 4; lastKnownFileType = sourcecode.c.h; path = AFNetworking.h; sourceTree = "<group>"; };
		D7734D6D1684BE93000170FC /* AFPropertyListRequestOperation.h */ = {isa = PBXFileReference; fileEncoding = 4; lastKnownFileType = sourcecode.c.h; path = AFPropertyListRequestOperation.h; sourceTree = "<group>"; };
		D7734D6E1684BE93000170FC /* AFPropertyListRequestOperation.m */ = {isa = PBXFileReference; fileEncoding = 4; lastKnownFileType = sourcecode.c.objc; path = AFPropertyListRequestOperation.m; sourceTree = "<group>"; };
		D7734D6F1684BE93000170FC /* AFURLConnectionOperation.h */ = {isa = PBXFileReference; fileEncoding = 4; lastKnownFileType = sourcecode.c.h; path = AFURLConnectionOperation.h; sourceTree = "<group>"; };
		D7734D701684BE93000170FC /* AFURLConnectionOperation.m */ = {isa = PBXFileReference; fileEncoding = 4; lastKnownFileType = sourcecode.c.objc; path = AFURLConnectionOperation.m; sourceTree = "<group>"; };
		D7734D711684BE93000170FC /* AFXMLRequestOperation.h */ = {isa = PBXFileReference; fileEncoding = 4; lastKnownFileType = sourcecode.c.h; path = AFXMLRequestOperation.h; sourceTree = "<group>"; };
		D7734D721684BE93000170FC /* AFXMLRequestOperation.m */ = {isa = PBXFileReference; fileEncoding = 4; lastKnownFileType = sourcecode.c.objc; path = AFXMLRequestOperation.m; sourceTree = "<group>"; };
		D7734D731684BE93000170FC /* UIImageView+AFNetworking.h */ = {isa = PBXFileReference; fileEncoding = 4; lastKnownFileType = sourcecode.c.h; path = "UIImageView+AFNetworking.h"; sourceTree = "<group>"; };
		D7734D741684BE93000170FC /* UIImageView+AFNetworking.m */ = {isa = PBXFileReference; fileEncoding = 4; lastKnownFileType = sourcecode.c.objc; path = "UIImageView+AFNetworking.m"; sourceTree = "<group>"; };
		D779BF8B16E6F5D600771ECE /* question_list_cell_sep.png */ = {isa = PBXFileReference; lastKnownFileType = image.png; path = question_list_cell_sep.png; sourceTree = "<group>"; };
		D779BF8C16E6F5D600771ECE /* question_list_cell_sep@2x.png */ = {isa = PBXFileReference; lastKnownFileType = image.png; path = "question_list_cell_sep@2x.png"; sourceTree = "<group>"; };
		D77CE21616611B8B00F1BC9E /* SegmentFault.app */ = {isa = PBXFileReference; explicitFileType = wrapper.application; includeInIndex = 0; path = SegmentFault.app; sourceTree = BUILT_PRODUCTS_DIR; };
		D77CE21A16611B8B00F1BC9E /* UIKit.framework */ = {isa = PBXFileReference; lastKnownFileType = wrapper.framework; name = UIKit.framework; path = System/Library/Frameworks/UIKit.framework; sourceTree = SDKROOT; };
		D77CE21C16611B8B00F1BC9E /* Foundation.framework */ = {isa = PBXFileReference; lastKnownFileType = wrapper.framework; name = Foundation.framework; path = System/Library/Frameworks/Foundation.framework; sourceTree = SDKROOT; };
		D77CE21E16611B8B00F1BC9E /* CoreGraphics.framework */ = {isa = PBXFileReference; lastKnownFileType = wrapper.framework; name = CoreGraphics.framework; path = System/Library/Frameworks/CoreGraphics.framework; sourceTree = SDKROOT; };
		D77CE22216611B8B00F1BC9E /* SegmentFault-Info.plist */ = {isa = PBXFileReference; lastKnownFileType = text.plist.xml; path = "SegmentFault-Info.plist"; sourceTree = "<group>"; };
		D77CE22416611B8B00F1BC9E /* en */ = {isa = PBXFileReference; lastKnownFileType = text.plist.strings; name = en; path = en.lproj/InfoPlist.strings; sourceTree = "<group>"; };
		D77CE22616611B8B00F1BC9E /* main.m */ = {isa = PBXFileReference; lastKnownFileType = sourcecode.c.objc; path = main.m; sourceTree = "<group>"; };
		D77CE22816611B8B00F1BC9E /* SegmentFault-Prefix.pch */ = {isa = PBXFileReference; lastKnownFileType = sourcecode.c.h; path = "SegmentFault-Prefix.pch"; sourceTree = "<group>"; };
		D78452B916E0698100FFBAB9 /* SFLabel.h */ = {isa = PBXFileReference; fileEncoding = 4; lastKnownFileType = sourcecode.c.h; path = SFLabel.h; sourceTree = "<group>"; };
		D78452BA16E0698100FFBAB9 /* SFLabel.m */ = {isa = PBXFileReference; fileEncoding = 4; lastKnownFileType = sourcecode.c.objc; path = SFLabel.m; sourceTree = "<group>"; };
		D79826CB1663A33900054585 /* CFNetwork.framework */ = {isa = PBXFileReference; lastKnownFileType = wrapper.framework; name = CFNetwork.framework; path = System/Library/Frameworks/CFNetwork.framework; sourceTree = SDKROOT; };
		D79826CD1663A37400054585 /* SystemConfiguration.framework */ = {isa = PBXFileReference; lastKnownFileType = wrapper.framework; name = SystemConfiguration.framework; path = System/Library/Frameworks/SystemConfiguration.framework; sourceTree = SDKROOT; };
		D79826CF1663A37C00054585 /* MobileCoreServices.framework */ = {isa = PBXFileReference; lastKnownFileType = wrapper.framework; name = MobileCoreServices.framework; path = System/Library/Frameworks/MobileCoreServices.framework; sourceTree = SDKROOT; };
		D79826D11663A38400054585 /* QuartzCore.framework */ = {isa = PBXFileReference; lastKnownFileType = wrapper.framework; name = QuartzCore.framework; path = System/Library/Frameworks/QuartzCore.framework; sourceTree = SDKROOT; };
		D79826D31663A3A500054585 /* libz.1.2.5.dylib */ = {isa = PBXFileReference; lastKnownFileType = "compiled.mach-o.dylib"; name = libz.1.2.5.dylib; path = usr/lib/libz.1.2.5.dylib; sourceTree = SDKROOT; };
		D79D2E6C16A2DF2B00BC74DC /* SFQuestion.h */ = {isa = PBXFileReference; fileEncoding = 4; lastKnownFileType = sourcecode.c.h; path = SFQuestion.h; sourceTree = "<group>"; };
		D79D2E6D16A2DF2B00BC74DC /* SFQuestion.m */ = {isa = PBXFileReference; fileEncoding = 4; lastKnownFileType = sourcecode.c.objc; path = SFQuestion.m; sourceTree = "<group>"; };
		D79D2E6F16A2DF2B00BC74DC /* SFAppDelegate.h */ = {isa = PBXFileReference; fileEncoding = 4; lastKnownFileType = sourcecode.c.h; path = SFAppDelegate.h; sourceTree = "<group>"; };
		D79D2E7016A2DF2B00BC74DC /* SFAppDelegate.m */ = {isa = PBXFileReference; fileEncoding = 4; lastKnownFileType = sourcecode.c.objc; path = SFAppDelegate.m; sourceTree = "<group>"; };
		D79D2E7216A2DF2B00BC74DC /* SFLoginService.h */ = {isa = PBXFileReference; fileEncoding = 4; lastKnownFileType = sourcecode.c.h; path = SFLoginService.h; sourceTree = "<group>"; };
		D79D2E7316A2DF2B00BC74DC /* SFLoginService.m */ = {isa = PBXFileReference; fileEncoding = 4; lastKnownFileType = sourcecode.c.objc; path = SFLoginService.m; sourceTree = "<group>"; };
		D79D2E7416A2DF2B00BC74DC /* SFQuestionService.h */ = {isa = PBXFileReference; fileEncoding = 4; lastKnownFileType = sourcecode.c.h; path = SFQuestionService.h; sourceTree = "<group>"; };
		D79D2E7516A2DF2B00BC74DC /* SFQuestionService.m */ = {isa = PBXFileReference; fileEncoding = 4; lastKnownFileType = sourcecode.c.objc; path = SFQuestionService.m; sourceTree = "<group>"; };
		D79D2E7716A2DF2B00BC74DC /* SFTools.h */ = {isa = PBXFileReference; fileEncoding = 4; lastKnownFileType = sourcecode.c.h; path = SFTools.h; sourceTree = "<group>"; };
		D79D2E7816A2DF2B00BC74DC /* SFTools.m */ = {isa = PBXFileReference; fileEncoding = 4; lastKnownFileType = sourcecode.c.objc; path = SFTools.m; sourceTree = "<group>"; };
		D79D2E7B16A2DF2B00BC74DC /* SFRootViewController.h */ = {isa = PBXFileReference; fileEncoding = 4; lastKnownFileType = sourcecode.c.h; path = SFRootViewController.h; sourceTree = "<group>"; };
		D79D2E7C16A2DF2B00BC74DC /* SFRootViewController.m */ = {isa = PBXFileReference; fileEncoding = 4; lastKnownFileType = sourcecode.c.objc; path = SFRootViewController.m; sourceTree = "<group>"; };
		D79D2E7D16A2DF2B00BC74DC /* SFWebViewController.h */ = {isa = PBXFileReference; fileEncoding = 4; lastKnownFileType = sourcecode.c.h; path = SFWebViewController.h; sourceTree = "<group>"; };
		D79D2E7E16A2DF2B00BC74DC /* SFWebViewController.m */ = {isa = PBXFileReference; fileEncoding = 4; lastKnownFileType = sourcecode.c.objc; path = SFWebViewController.m; sourceTree = "<group>"; };
		D79D2E7F16A2DF2B00BC74DC /* SFLoginViewController.h */ = {isa = PBXFileReference; fileEncoding = 4; lastKnownFileType = sourcecode.c.h; path = SFLoginViewController.h; sourceTree = "<group>"; };
		D79D2E8016A2DF2B00BC74DC /* SFLoginViewController.m */ = {isa = PBXFileReference; fileEncoding = 4; lastKnownFileType = sourcecode.c.objc; path = SFLoginViewController.m; sourceTree = "<group>"; };
		D79D2E8116A2DF2B00BC74DC /* SFQuestionDetailViewController.h */ = {isa = PBXFileReference; fileEncoding = 4; lastKnownFileType = sourcecode.c.h; path = SFQuestionDetailViewController.h; sourceTree = "<group>"; };
		D79D2E8216A2DF2B00BC74DC /* SFQuestionDetailViewController.m */ = {isa = PBXFileReference; fileEncoding = 4; lastKnownFileType = sourcecode.c.objc; path = SFQuestionDetailViewController.m; sourceTree = "<group>"; };
		D79D2E8316A2DF2B00BC74DC /* SFQuestionListViewController.h */ = {isa = PBXFileReference; fileEncoding = 4; lastKnownFileType = sourcecode.c.h; path = SFQuestionListViewController.h; sourceTree = "<group>"; };
		D79D2E8416A2DF2B00BC74DC /* SFQuestionListViewController.m */ = {isa = PBXFileReference; fileEncoding = 4; lastKnownFileType = sourcecode.c.objc; path = SFQuestionListViewController.m; sourceTree = "<group>"; };
		D79D2E8816A2DF2B00BC74DC /* SFLocalWebView.h */ = {isa = PBXFileReference; fileEncoding = 4; lastKnownFileType = sourcecode.c.h; path = SFLocalWebView.h; sourceTree = "<group>"; };
		D79D2E8916A2DF2B00BC74DC /* SFLocalWebView.m */ = {isa = PBXFileReference; fileEncoding = 4; lastKnownFileType = sourcecode.c.objc; path = SFLocalWebView.m; sourceTree = "<group>"; };
		D79D2E9A16A2E07800BC74DC /* SFSlideNavViewController.h */ = {isa = PBXFileReference; fileEncoding = 4; lastKnownFileType = sourcecode.c.h; path = SFSlideNavViewController.h; sourceTree = "<group>"; };
		D79D2E9B16A2E07800BC74DC /* SFSlideNavViewController.m */ = {isa = PBXFileReference; fileEncoding = 4; lastKnownFileType = sourcecode.c.objc; path = SFSlideNavViewController.m; sourceTree = "<group>"; };
		D79D2E9D16A2F78B00BC74DC /* SFMessager.h */ = {isa = PBXFileReference; fileEncoding = 4; lastKnownFileType = sourcecode.c.h; path = SFMessager.h; sourceTree = "<group>"; };
		D79D2E9E16A2F78B00BC74DC /* SFMessager.m */ = {isa = PBXFileReference; fileEncoding = 4; lastKnownFileType = sourcecode.c.objc; path = SFMessager.m; sourceTree = "<group>"; };
		D7A9867D16845EE200AB9A61 /* qlist_cell_pop.png */ = {isa = PBXFileReference; lastKnownFileType = image.png; path = qlist_cell_pop.png; sourceTree = "<group>"; };
		D7A9867E16845EE200AB9A61 /* qlist_cell_pop@2x.png */ = {isa = PBXFileReference; lastKnownFileType = image.png; path = "qlist_cell_pop@2x.png"; sourceTree = "<group>"; };
		D7A9867F16845EE200AB9A61 /* qlist_cell_pop_unanswered.png */ = {isa = PBXFileReference; lastKnownFileType = image.png; path = qlist_cell_pop_unanswered.png; sourceTree = "<group>"; };
		D7A9868016845EE200AB9A61 /* qlist_cell_pop_unanswered@2x.png */ = {isa = PBXFileReference; lastKnownFileType = image.png; path = "qlist_cell_pop_unanswered@2x.png"; sourceTree = "<group>"; };
		D7A9868116845EE200AB9A61 /* qlist_cell_selected_background.png */ = {isa = PBXFileReference; lastKnownFileType = image.png; path = qlist_cell_selected_background.png; sourceTree = "<group>"; };
		D7A9868216845EE200AB9A61 /* qlist_cell_selected_background@2x.png */ = {isa = PBXFileReference; lastKnownFileType = image.png; path = "qlist_cell_selected_background@2x.png"; sourceTree = "<group>"; };
		D7B217B21685CC3B001269EB /* Kache.h */ = {isa = PBXFileReference; fileEncoding = 4; lastKnownFileType = sourcecode.c.h; path = Kache.h; sourceTree = "<group>"; };
		D7B217B31685CC3B001269EB /* Kache.m */ = {isa = PBXFileReference; fileEncoding = 4; lastKnownFileType = sourcecode.c.objc; path = Kache.m; sourceTree = "<group>"; };
		D7B217B41685CC3B001269EB /* KCH.h */ = {isa = PBXFileReference; fileEncoding = 4; lastKnownFileType = sourcecode.c.h; path = KCH.h; sourceTree = "<group>"; };
		D7B217B51685CC3B001269EB /* KConfig.h */ = {isa = PBXFileReference; fileEncoding = 4; lastKnownFileType = sourcecode.c.h; path = KConfig.h; sourceTree = "<group>"; };
		D7B217B61685CC3B001269EB /* KHolder.h */ = {isa = PBXFileReference; fileEncoding = 4; lastKnownFileType = sourcecode.c.h; path = KHolder.h; sourceTree = "<group>"; };
		D7B217B71685CC3B001269EB /* KHolder.m */ = {isa = PBXFileReference; fileEncoding = 4; lastKnownFileType = sourcecode.c.objc; path = KHolder.m; sourceTree = "<group>"; };
		D7B217B81685CC3B001269EB /* KObject.h */ = {isa = PBXFileReference; fileEncoding = 4; lastKnownFileType = sourcecode.c.h; path = KObject.h; sourceTree = "<group>"; };
		D7B217B91685CC3B001269EB /* KObject.m */ = {isa = PBXFileReference; fileEncoding = 4; lastKnownFileType = sourcecode.c.objc; path = KObject.m; sourceTree = "<group>"; };
		D7B217BA1685CC3B001269EB /* KPool.h */ = {isa = PBXFileReference; fileEncoding = 4; lastKnownFileType = sourcecode.c.h; path = KPool.h; sourceTree = "<group>"; };
		D7B217BB1685CC3B001269EB /* KPool.m */ = {isa = PBXFileReference; fileEncoding = 4; lastKnownFileType = sourcecode.c.objc; path = KPool.m; sourceTree = "<group>"; };
		D7B217BC1685CC3B001269EB /* KQueue.h */ = {isa = PBXFileReference; fileEncoding = 4; lastKnownFileType = sourcecode.c.h; path = KQueue.h; sourceTree = "<group>"; };
		D7B217BD1685CC3B001269EB /* KQueue.m */ = {isa = PBXFileReference; fileEncoding = 4; lastKnownFileType = sourcecode.c.objc; path = KQueue.m; sourceTree = "<group>"; };
		D7B217BE1685CC3B001269EB /* KUtil.h */ = {isa = PBXFileReference; fileEncoding = 4; lastKnownFileType = sourcecode.c.h; path = KUtil.h; sourceTree = "<group>"; };
		D7B217BF1685CC3B001269EB /* KUtil.m */ = {isa = PBXFileReference; fileEncoding = 4; lastKnownFileType = sourcecode.c.objc; path = KUtil.m; sourceTree = "<group>"; };
		D7C09C69166323090066EAF5 /* Default-568h@2x.png */ = {isa = PBXFileReference; lastKnownFileType = image.png; path = "Default-568h@2x.png"; sourceTree = "<group>"; };
		D7C09C6A166323090066EAF5 /* Default.png */ = {isa = PBXFileReference; lastKnownFileType = image.png; path = Default.png; sourceTree = "<group>"; };
		D7C09C6B166323090066EAF5 /* Default@2x.png */ = {isa = PBXFileReference; lastKnownFileType = image.png; path = "Default@2x.png"; sourceTree = "<group>"; };
		D7D408821687253D00C5C256 /* AnswerDetail.js.txt */ = {isa = PBXFileReference; fileEncoding = 4; lastKnownFileType = text; path = AnswerDetail.js.txt; sourceTree = "<group>"; };
		D7D4F31E16635B5B003B43EE /* Icon-72.png */ = {isa = PBXFileReference; lastKnownFileType = image.png; path = "Icon-72.png"; sourceTree = "<group>"; };
		D7D4F31F16635B5B003B43EE /* Icon-Small-50.png */ = {isa = PBXFileReference; lastKnownFileType = image.png; path = "Icon-Small-50.png"; sourceTree = "<group>"; };
		D7D4F32016635B5B003B43EE /* Icon-Small.png */ = {isa = PBXFileReference; lastKnownFileType = image.png; path = "Icon-Small.png"; sourceTree = "<group>"; };
		D7D4F32116635B5B003B43EE /* Icon-Small@2x.png */ = {isa = PBXFileReference; lastKnownFileType = image.png; path = "Icon-Small@2x.png"; sourceTree = "<group>"; };
		D7D4F32216635B5B003B43EE /* Icon.png */ = {isa = PBXFileReference; lastKnownFileType = image.png; path = Icon.png; sourceTree = "<group>"; };
		D7D4F32316635B5B003B43EE /* Icon@2x.png */ = {isa = PBXFileReference; lastKnownFileType = image.png; path = "Icon@2x.png"; sourceTree = "<group>"; };
		D7D4F32416635B5B003B43EE /* iTunesArtwork.png */ = {isa = PBXFileReference; lastKnownFileType = image.png; path = iTunesArtwork.png; sourceTree = "<group>"; };
		D7D5D95216DF7F5B00C25B65 /* nav_cell_arrow_active.png */ = {isa = PBXFileReference; lastKnownFileType = image.png; path = nav_cell_arrow_active.png; sourceTree = "<group>"; };
		D7D5D95316DF7F5B00C25B65 /* nav_cell_arrow_active@2x.png */ = {isa = PBXFileReference; lastKnownFileType = image.png; path = "nav_cell_arrow_active@2x.png"; sourceTree = "<group>"; };
		D7D5D95416DF7F5B00C25B65 /* nav_cell_arrow.png */ = {isa = PBXFileReference; lastKnownFileType = image.png; path = nav_cell_arrow.png; sourceTree = "<group>"; };
		D7D5D95516DF7F5B00C25B65 /* nav_cell_arrow@2x.png */ = {isa = PBXFileReference; lastKnownFileType = image.png; path = "nav_cell_arrow@2x.png"; sourceTree = "<group>"; };
		D7D5D95616DF7F5B00C25B65 /* nav_cell_bg_active.png */ = {isa = PBXFileReference; lastKnownFileType = image.png; path = nav_cell_bg_active.png; sourceTree = "<group>"; };
		D7D5D95716DF7F5B00C25B65 /* nav_cell_bg_active@2x.png */ = {isa = PBXFileReference; lastKnownFileType = image.png; path = "nav_cell_bg_active@2x.png"; sourceTree = "<group>"; };
		D7D5D95816DF7F5B00C25B65 /* nav_cell_bg.png */ = {isa = PBXFileReference; lastKnownFileType = image.png; path = nav_cell_bg.png; sourceTree = "<group>"; };
		D7D5D95916DF7F5B00C25B65 /* nav_cell_bg@2x.png */ = {isa = PBXFileReference; lastKnownFileType = image.png; path = "nav_cell_bg@2x.png"; sourceTree = "<group>"; };
		D7D5D95A16DF7F5B00C25B65 /* nav_menu.png */ = {isa = PBXFileReference; lastKnownFileType = image.png; path = nav_menu.png; sourceTree = "<group>"; };
		D7D5D95B16DF7F5B00C25B65 /* nav_menu@2x.png */ = {isa = PBXFileReference; lastKnownFileType = image.png; path = "nav_menu@2x.png"; sourceTree = "<group>"; };
		D7D5D96616DF80C600C25B65 /* nav_back.png */ = {isa = PBXFileReference; lastKnownFileType = image.png; path = nav_back.png; sourceTree = "<group>"; };
		D7D5D96716DF80C600C25B65 /* nav_back@2x.png */ = {isa = PBXFileReference; lastKnownFileType = image.png; path = "nav_back@2x.png"; sourceTree = "<group>"; };
		D7D5D96A16DF988F00C25B65 /* nav_bar_bg.png */ = {isa = PBXFileReference; lastKnownFileType = image.png; path = nav_bar_bg.png; sourceTree = "<group>"; };
		D7D5D96B16DF988F00C25B65 /* nav_bar_bg@2x.png */ = {isa = PBXFileReference; lastKnownFileType = image.png; path = "nav_bar_bg@2x.png"; sourceTree = "<group>"; };
		D7D5D96E16DF9B9100C25B65 /* slide_navigator_shadow.png */ = {isa = PBXFileReference; lastKnownFileType = image.png; path = slide_navigator_shadow.png; sourceTree = "<group>"; };
		D7D5D96F16DF9B9100C25B65 /* slide_navigator_shadow@2x.png */ = {isa = PBXFileReference; lastKnownFileType = image.png; path = "slide_navigator_shadow@2x.png"; sourceTree = "<group>"; };
		D7D5D97616DFA09400C25B65 /* SFQuestionListCell.h */ = {isa = PBXFileReference; fileEncoding = 4; lastKnownFileType = sourcecode.c.h; path = SFQuestionListCell.h; sourceTree = "<group>"; };
		D7D5D97716DFA09400C25B65 /* SFQuestionListCell.m */ = {isa = PBXFileReference; fileEncoding = 4; lastKnownFileType = sourcecode.c.objc; path = SFQuestionListCell.m; sourceTree = "<group>"; };
		D7DDB30F1675A050009DD198 /* back_button_background.png */ = {isa = PBXFileReference; lastKnownFileType = image.png; path = back_button_background.png; sourceTree = "<group>"; };
		D7DDB3101675A050009DD198 /* back_button_background@2x.png */ = {isa = PBXFileReference; lastKnownFileType = image.png; path = "back_button_background@2x.png"; sourceTree = "<group>"; };
		D7DDB3111675A050009DD198 /* back_button_pressed_background.png */ = {isa = PBXFileReference; lastKnownFileType = image.png; path = back_button_pressed_background.png; sourceTree = "<group>"; };
		D7DDB3121675A050009DD198 /* back_button_pressed_background@2x.png */ = {isa = PBXFileReference; lastKnownFileType = image.png; path = "back_button_pressed_background@2x.png"; sourceTree = "<group>"; };
		D7DDB3131675A050009DD198 /* navigationbar_light_background.png */ = {isa = PBXFileReference; lastKnownFileType = image.png; path = navigationbar_light_background.png; sourceTree = "<group>"; };
		D7DDB3141675A050009DD198 /* navigationbar_light_background@2x.png */ = {isa = PBXFileReference; lastKnownFileType = image.png; path = "navigationbar_light_background@2x.png"; sourceTree = "<group>"; };
		D7DDB3151675A050009DD198 /* slide_navigator_button.png */ = {isa = PBXFileReference; lastKnownFileType = image.png; path = slide_navigator_button.png; sourceTree = "<group>"; };
		D7DDB3161675A050009DD198 /* slide_navigator_button@2x.png */ = {isa = PBXFileReference; lastKnownFileType = image.png; path = "slide_navigator_button@2x.png"; sourceTree = "<group>"; };
		D7DDB3171675A050009DD198 /* slide_navigator_button_pressed.png */ = {isa = PBXFileReference; lastKnownFileType = image.png; path = slide_navigator_button_pressed.png; sourceTree = "<group>"; };
		D7DDB3181675A050009DD198 /* slide_navigator_button_pressed@2x.png */ = {isa = PBXFileReference; lastKnownFileType = image.png; path = "slide_navigator_button_pressed@2x.png"; sourceTree = "<group>"; };
		D7DDB3191675A050009DD198 /* slide_navigator_cell_background.png */ = {isa = PBXFileReference; lastKnownFileType = image.png; path = slide_navigator_cell_background.png; sourceTree = "<group>"; };
		D7DDB31A1675A050009DD198 /* slide_navigator_cell_background@2x.png */ = {isa = PBXFileReference; lastKnownFileType = image.png; path = "slide_navigator_cell_background@2x.png"; sourceTree = "<group>"; };
		D7DDB31B1675A050009DD198 /* slide_navigator_cell_chevron.png */ = {isa = PBXFileReference; lastKnownFileType = image.png; path = slide_navigator_cell_chevron.png; sourceTree = "<group>"; };
		D7DDB31C1675A050009DD198 /* slide_navigator_cell_chevron@2x.png */ = {isa = PBXFileReference; lastKnownFileType = image.png; path = "slide_navigator_cell_chevron@2x.png"; sourceTree = "<group>"; };
		D7DDB31D1675A050009DD198 /* slide_navigator_cell_selected_background.png */ = {isa = PBXFileReference; lastKnownFileType = image.png; path = slide_navigator_cell_selected_background.png; sourceTree = "<group>"; };
		D7DDB31E1675A050009DD198 /* slide_navigator_cell_selected_background@2x.png */ = {isa = PBXFileReference; lastKnownFileType = image.png; path = "slide_navigator_cell_selected_background@2x.png"; sourceTree = "<group>"; };
		D7DDB31F1675A050009DD198 /* slide_navigator_cell_selected_chevron.png */ = {isa = PBXFileReference; lastKnownFileType = image.png; path = slide_navigator_cell_selected_chevron.png; sourceTree = "<group>"; };
		D7DDB3201675A050009DD198 /* slide_navigator_cell_selected_chevron@2x.png */ = {isa = PBXFileReference; lastKnownFileType = image.png; path = "slide_navigator_cell_selected_chevron@2x.png"; sourceTree = "<group>"; };
		D7DDB3211675A050009DD198 /* slide_navigator_dark_backgrond.png */ = {isa = PBXFileReference; lastKnownFileType = image.png; path = slide_navigator_dark_backgrond.png; sourceTree = "<group>"; };
		D7DDB3221675A050009DD198 /* slide_navigator_dark_backgrond@2x.png */ = {isa = PBXFileReference; lastKnownFileType = image.png; path = "slide_navigator_dark_backgrond@2x.png"; sourceTree = "<group>"; };
		D7DDB3231675A050009DD198 /* slide_navigator_light_backgrond.png */ = {isa = PBXFileReference; lastKnownFileType = image.png; path = slide_navigator_light_backgrond.png; sourceTree = "<group>"; };
		D7DDB3241675A050009DD198 /* slide_navigator_light_backgrond@2x.png */ = {isa = PBXFileReference; lastKnownFileType = image.png; path = "slide_navigator_light_backgrond@2x.png"; sourceTree = "<group>"; };
		D7DDB3251675A050009DD198 /* slide_navigator_section_header_background.png */ = {isa = PBXFileReference; lastKnownFileType = image.png; path = slide_navigator_section_header_background.png; sourceTree = "<group>"; };
		D7DDB3261675A050009DD198 /* slide_navigator_section_header_background@2x.png */ = {isa = PBXFileReference; lastKnownFileType = image.png; path = "slide_navigator_section_header_background@2x.png"; sourceTree = "<group>"; };
		D7E43B6316A66B44001B6FFA /* GetQuestionDetail.js.txt */ = {isa = PBXFileReference; fileEncoding = 4; lastKnownFileType = text; path = GetQuestionDetail.js.txt; sourceTree = "<group>"; };
		D7E43B6616A66B57001B6FFA /* GetQuestionAnswer.js.txt */ = {isa = PBXFileReference; fileEncoding = 4; lastKnownFileType = text; path = GetQuestionAnswer.js.txt; sourceTree = "<group>"; };
		D7E43B6816A677B9001B6FFA /* AnswerDetail.html.txt */ = {isa = PBXFileReference; fileEncoding = 4; lastKnownFileType = text; path = AnswerDetail.html.txt; sourceTree = "<group>"; };
		D7F0AB9516A408100014F39E /* question_detail_section_header_background.png */ = {isa = PBXFileReference; lastKnownFileType = image.png; path = question_detail_section_header_background.png; sourceTree = "<group>"; };
		D7F0AB9616A408100014F39E /* question_detail_section_header_background@2x.png */ = {isa = PBXFileReference; lastKnownFileType = image.png; path = "question_detail_section_header_background@2x.png"; sourceTree = "<group>"; };
/* End PBXFileReference section */

/* Begin PBXFrameworksBuildPhase section */
		D77CE21316611B8B00F1BC9E /* Frameworks */ = {
			isa = PBXFrameworksBuildPhase;
			buildActionMask = 2147483647;
			files = (
				D79826D41663A3A500054585 /* libz.1.2.5.dylib in Frameworks */,
				D79826D21663A38400054585 /* QuartzCore.framework in Frameworks */,
				D79826D01663A37C00054585 /* MobileCoreServices.framework in Frameworks */,
				D79826CE1663A37400054585 /* SystemConfiguration.framework in Frameworks */,
				D79826CC1663A33900054585 /* CFNetwork.framework in Frameworks */,
				D77CE21B16611B8B00F1BC9E /* UIKit.framework in Frameworks */,
				D77CE21D16611B8B00F1BC9E /* Foundation.framework in Frameworks */,
				D77CE21F16611B8B00F1BC9E /* CoreGraphics.framework in Frameworks */,
			);
			runOnlyForDeploymentPostprocessing = 0;
		};
/* End PBXFrameworksBuildPhase section */

/* Begin PBXGroup section */
		453D55A3172CF88A000C5533 /* GTM */ = {
			isa = PBXGroup;
			children = (
				453D55A7172CFAF9000C5533 /* GTMNSString+HTML.h */,
				453D55A8172CFAF9000C5533 /* GTMNSString+HTML.m */,
				453D55A4172CFAD7000C5533 /* GTMDefines.h */,
			);
			name = GTM;
			path = Support/GTM;
			sourceTree = "<group>";
		};
		D70DF7B1168805D300AD1207 /* JSONKit */ = {
			isa = PBXGroup;
			children = (
				D70DF7B3168805D300AD1207 /* JSONKit.h */,
				D70DF7B4168805D300AD1207 /* JSONKit.m */,
			);
			name = JSONKit;
			path = Support/JSONKit;
			sourceTree = "<group>";
		};
		D70DF7C71688389C00AD1207 /* logout */ = {
			isa = PBXGroup;
			children = (
				D70DF7C81688389C00AD1207 /* logout_btn.png */,
				D70DF7C91688389C00AD1207 /* logout_btn@2x.png */,
				D70DF7CA1688389C00AD1207 /* logout_btn_pressed.png */,
				D70DF7CB1688389C00AD1207 /* logout_btn_pressed@2x.png */,
			);
			path = logout;
			sourceTree = "<group>";
		};
		D70DF80916883CAA00AD1207 /* URLManager */ = {
			isa = PBXGroup;
			children = (
				D7D5D96E16DF9B9100C25B65 /* slide_navigator_shadow.png */,
				D7D5D96F16DF9B9100C25B65 /* slide_navigator_shadow@2x.png */,
				D70DF80A16883CAA00AD1207 /* goBackItem.png */,
				D70DF80B16883CAA00AD1207 /* goBackItem@2x.png */,
				D70DF80C16883CAA00AD1207 /* goForwardItem.png */,
				D70DF80D16883CAA00AD1207 /* goForwardItem@2x.png */,
				D70DF80E16883CAA00AD1207 /* UMNavigationController.h */,
				D70DF80F16883CAA00AD1207 /* UMNavigationController.m */,
				D70DF81016883CAA00AD1207 /* UMSlideNavigationController.h */,
				D70DF81116883CAA00AD1207 /* UMSlideNavigationController.m */,
				D70DF81216883CAA00AD1207 /* UMTools.h */,
				D70DF81316883CAA00AD1207 /* UMTools.m */,
				D70DF81416883CAA00AD1207 /* UMViewController.h */,
				D70DF81516883CAA00AD1207 /* UMViewController.m */,
				D70DF81616883CAA00AD1207 /* UMWebViewController.h */,
				D70DF81716883CAA00AD1207 /* UMWebViewController.m */,
			);
			name = URLManager;
			path = Support/URLManager/URLManager;
			sourceTree = "<group>";
		};
		D71B378716E496CC00E7F87C /* questionlist */ = {
			isa = PBXGroup;
			children = (
				D779BF8B16E6F5D600771ECE /* question_list_cell_sep.png */,
				D779BF8C16E6F5D600771ECE /* question_list_cell_sep@2x.png */,
				D71B378816E496CC00E7F87C /* question_list_vote.png */,
				D71B378916E496CC00E7F87C /* question_list_vote@2x.png */,
			);
			path = questionlist;
			sourceTree = "<group>";
		};
		D71B4CD016E5C984007484B7 /* questiondetail */ = {
			isa = PBXGroup;
			children = (
				D71B4CD116E5C984007484B7 /* question_list_header_bg.png */,
				D71B4CD216E5C984007484B7 /* question_list_header_bg@2x.png */,
			);
			path = questiondetail;
			sourceTree = "<group>";
		};
		D72DF09416DCB8D30001EBF7 /* imagesV2 */ = {
			isa = PBXGroup;
			children = (
				D71B4CD016E5C984007484B7 /* questiondetail */,
				D71B378716E496CC00E7F87C /* questionlist */,
				D72DF09516DCB8D30001EBF7 /* nav */,
			);
			path = imagesV2;
			sourceTree = "<group>";
		};
		D72DF09516DCB8D30001EBF7 /* nav */ = {
			isa = PBXGroup;
			children = (
				D7D5D96A16DF988F00C25B65 /* nav_bar_bg.png */,
				D7D5D96B16DF988F00C25B65 /* nav_bar_bg@2x.png */,
				D7D5D96616DF80C600C25B65 /* nav_back.png */,
				D7D5D96716DF80C600C25B65 /* nav_back@2x.png */,
				D7D5D95216DF7F5B00C25B65 /* nav_cell_arrow_active.png */,
				D7D5D95316DF7F5B00C25B65 /* nav_cell_arrow_active@2x.png */,
				D7D5D95416DF7F5B00C25B65 /* nav_cell_arrow.png */,
				D7D5D95516DF7F5B00C25B65 /* nav_cell_arrow@2x.png */,
				D7D5D95616DF7F5B00C25B65 /* nav_cell_bg_active.png */,
				D7D5D95716DF7F5B00C25B65 /* nav_cell_bg_active@2x.png */,
				D7D5D95816DF7F5B00C25B65 /* nav_cell_bg.png */,
				D7D5D95916DF7F5B00C25B65 /* nav_cell_bg@2x.png */,
				D7D5D95A16DF7F5B00C25B65 /* nav_menu.png */,
				D7D5D95B16DF7F5B00C25B65 /* nav_menu@2x.png */,
			);
			path = nav;
			sourceTree = "<group>";
		};
		D7734D551684B7AB000170FC /* SlimeRefresh */ = {
			isa = PBXGroup;
			children = (
				D7734D561684B7AB000170FC /* sr_refresh.png */,
				D7734D571684B7AB000170FC /* sr_refresh@2X.png */,
				D7734D581684B7AB000170FC /* SRDefine.h */,
				D7734D591684B7AB000170FC /* SRRefreshView.h */,
				D7734D5A1684B7AB000170FC /* SRRefreshView.m */,
				D7734D5B1684B7AB000170FC /* SRSlimeView.h */,
				D7734D5C1684B7AB000170FC /* SRSlimeView.m */,
			);
			name = SlimeRefresh;
			path = Support/SlimeRefresh/SlimeRefresh/SlimeRefresh;
			sourceTree = "<group>";
		};
		D7734D611684BE93000170FC /* AFNetworking */ = {
			isa = PBXGroup;
			children = (
				D7734D621684BE93000170FC /* AFHTTPClient.h */,
				D7734D631684BE93000170FC /* AFHTTPClient.m */,
				D7734D641684BE93000170FC /* AFHTTPRequestOperation.h */,
				D7734D651684BE93000170FC /* AFHTTPRequestOperation.m */,
				D7734D661684BE93000170FC /* AFImageRequestOperation.h */,
				D7734D671684BE93000170FC /* AFImageRequestOperation.m */,
				D7734D681684BE93000170FC /* AFJSONRequestOperation.h */,
				D7734D691684BE93000170FC /* AFJSONRequestOperation.m */,
				D7734D6A1684BE93000170FC /* AFNetworkActivityIndicatorManager.h */,
				D7734D6B1684BE93000170FC /* AFNetworkActivityIndicatorManager.m */,
				D7734D6C1684BE93000170FC /* AFNetworking.h */,
				D7734D6D1684BE93000170FC /* AFPropertyListRequestOperation.h */,
				D7734D6E1684BE93000170FC /* AFPropertyListRequestOperation.m */,
				D7734D6F1684BE93000170FC /* AFURLConnectionOperation.h */,
				D7734D701684BE93000170FC /* AFURLConnectionOperation.m */,
				D7734D711684BE93000170FC /* AFXMLRequestOperation.h */,
				D7734D721684BE93000170FC /* AFXMLRequestOperation.m */,
				D7734D731684BE93000170FC /* UIImageView+AFNetworking.h */,
				D7734D741684BE93000170FC /* UIImageView+AFNetworking.m */,
			);
			name = AFNetworking;
			path = Support/AFNetworking/AFNetworking;
			sourceTree = "<group>";
		};
		D77CE20B16611B8B00F1BC9E = {
			isa = PBXGroup;
			children = (
				D77CE22016611B8B00F1BC9E /* SegmentFault */,
				D77CE21916611B8B00F1BC9E /* Frameworks */,
				D77CE21716611B8B00F1BC9E /* Products */,
			);
			sourceTree = "<group>";
		};
		D77CE21716611B8B00F1BC9E /* Products */ = {
			isa = PBXGroup;
			children = (
				D77CE21616611B8B00F1BC9E /* SegmentFault.app */,
			);
			name = Products;
			sourceTree = "<group>";
		};
		D77CE21916611B8B00F1BC9E /* Frameworks */ = {
			isa = PBXGroup;
			children = (
				D79826D31663A3A500054585 /* libz.1.2.5.dylib */,
				D79826D11663A38400054585 /* QuartzCore.framework */,
				D79826CF1663A37C00054585 /* MobileCoreServices.framework */,
				D79826CD1663A37400054585 /* SystemConfiguration.framework */,
				D79826CB1663A33900054585 /* CFNetwork.framework */,
				D77CE21A16611B8B00F1BC9E /* UIKit.framework */,
				D77CE21C16611B8B00F1BC9E /* Foundation.framework */,
				D77CE21E16611B8B00F1BC9E /* CoreGraphics.framework */,
			);
			name = Frameworks;
			sourceTree = "<group>";
		};
		D77CE22016611B8B00F1BC9E /* SegmentFault */ = {
			isa = PBXGroup;
			children = (
				D79D2E8716A2DF2B00BC74DC /* Views */,
				D79D2E6B16A2DF2B00BC74DC /* DataCenters */,
				D79D2E7116A2DF2B00BC74DC /* Services */,
				D79D2E7616A2DF2B00BC74DC /* Tools */,
				D79D2E7916A2DF2B00BC74DC /* ViewControllers */,
				D79D2E6E16A2DF2B00BC74DC /* Delegates */,
				D77CE22116611B8B00F1BC9E /* Supporting Files */,
			);
			path = SegmentFault;
			sourceTree = "<group>";
		};
		D77CE22116611B8B00F1BC9E /* Supporting Files */ = {
			isa = PBXGroup;
			children = (
				D7D4087D168724D000C5C256 /* Resource */,
				D70DF7B1168805D300AD1207 /* JSONKit */,
				D70DF80916883CAA00AD1207 /* URLManager */,
				D7B217B11685CC3B001269EB /* Kache */,
				D7734D611684BE93000170FC /* AFNetworking */,
				453D55A3172CF88A000C5533 /* GTM */,
				D7734D551684B7AB000170FC /* SlimeRefresh */,
				D72DF09416DCB8D30001EBF7 /* imagesV2 */,
				D7C09C68166323090066EAF5 /* images */,
				D77CE22216611B8B00F1BC9E /* SegmentFault-Info.plist */,
				D77CE22316611B8B00F1BC9E /* InfoPlist.strings */,
				D77CE22616611B8B00F1BC9E /* main.m */,
				D77CE22816611B8B00F1BC9E /* SegmentFault-Prefix.pch */,
			);
			name = "Supporting Files";
			sourceTree = "<group>";
		};
		D79D2E6B16A2DF2B00BC74DC /* DataCenters */ = {
			isa = PBXGroup;
			children = (
				D79D2E6C16A2DF2B00BC74DC /* SFQuestion.h */,
				D79D2E6D16A2DF2B00BC74DC /* SFQuestion.m */,
			);
			path = DataCenters;
			sourceTree = "<group>";
		};
		D79D2E6E16A2DF2B00BC74DC /* Delegates */ = {
			isa = PBXGroup;
			children = (
				D79D2E6F16A2DF2B00BC74DC /* SFAppDelegate.h */,
				D79D2E7016A2DF2B00BC74DC /* SFAppDelegate.m */,
			);
			path = Delegates;
			sourceTree = "<group>";
		};
		D79D2E7116A2DF2B00BC74DC /* Services */ = {
			isa = PBXGroup;
			children = (
				D79D2E7216A2DF2B00BC74DC /* SFLoginService.h */,
				D79D2E7316A2DF2B00BC74DC /* SFLoginService.m */,
				D79D2E7416A2DF2B00BC74DC /* SFQuestionService.h */,
				D79D2E7516A2DF2B00BC74DC /* SFQuestionService.m */,
			);
			path = Services;
			sourceTree = "<group>";
		};
		D79D2E7616A2DF2B00BC74DC /* Tools */ = {
			isa = PBXGroup;
			children = (
				D79D2E7716A2DF2B00BC74DC /* SFTools.h */,
				D79D2E7816A2DF2B00BC74DC /* SFTools.m */,
				D79D2E9D16A2F78B00BC74DC /* SFMessager.h */,
				D79D2E9E16A2F78B00BC74DC /* SFMessager.m */,
			);
			path = Tools;
			sourceTree = "<group>";
		};
		D79D2E7916A2DF2B00BC74DC /* ViewControllers */ = {
			isa = PBXGroup;
			children = (
				D79D2E9916A2E07800BC74DC /* Nav */,
				D79D2E7A16A2DF2B00BC74DC /* Base */,
				D79D2E7F16A2DF2B00BC74DC /* SFLoginViewController.h */,
				D79D2E8016A2DF2B00BC74DC /* SFLoginViewController.m */,
				D79D2E8116A2DF2B00BC74DC /* SFQuestionDetailViewController.h */,
				D79D2E8216A2DF2B00BC74DC /* SFQuestionDetailViewController.m */,
				D79D2E8316A2DF2B00BC74DC /* SFQuestionListViewController.h */,
				D79D2E8416A2DF2B00BC74DC /* SFQuestionListViewController.m */,
			);
			path = ViewControllers;
			sourceTree = "<group>";
		};
		D79D2E7A16A2DF2B00BC74DC /* Base */ = {
			isa = PBXGroup;
			children = (
				D79D2E7B16A2DF2B00BC74DC /* SFRootViewController.h */,
				D79D2E7C16A2DF2B00BC74DC /* SFRootViewController.m */,
				D79D2E7D16A2DF2B00BC74DC /* SFWebViewController.h */,
				D79D2E7E16A2DF2B00BC74DC /* SFWebViewController.m */,
			);
			path = Base;
			sourceTree = "<group>";
		};
		D79D2E8716A2DF2B00BC74DC /* Views */ = {
			isa = PBXGroup;
			children = (
				D7D5D97516DFA07900C25B65 /* Cells */,
				D79D2E8816A2DF2B00BC74DC /* SFLocalWebView.h */,
				D79D2E8916A2DF2B00BC74DC /* SFLocalWebView.m */,
				D78452B916E0698100FFBAB9 /* SFLabel.h */,
				D78452BA16E0698100FFBAB9 /* SFLabel.m */,
			);
			path = Views;
			sourceTree = "<group>";
		};
		D79D2E9916A2E07800BC74DC /* Nav */ = {
			isa = PBXGroup;
			children = (
				D79D2E9A16A2E07800BC74DC /* SFSlideNavViewController.h */,
				D79D2E9B16A2E07800BC74DC /* SFSlideNavViewController.m */,
			);
			path = Nav;
			sourceTree = "<group>";
		};
		D7A9867C16845EE200AB9A61 /* questionlist */ = {
			isa = PBXGroup;
			children = (
				D7A9867D16845EE200AB9A61 /* qlist_cell_pop.png */,
				D7A9867E16845EE200AB9A61 /* qlist_cell_pop@2x.png */,
				D7A9867F16845EE200AB9A61 /* qlist_cell_pop_unanswered.png */,
				D7A9868016845EE200AB9A61 /* qlist_cell_pop_unanswered@2x.png */,
				D7A9868116845EE200AB9A61 /* qlist_cell_selected_background.png */,
				D7A9868216845EE200AB9A61 /* qlist_cell_selected_background@2x.png */,
			);
			path = questionlist;
			sourceTree = "<group>";
		};
		D7B217B11685CC3B001269EB /* Kache */ = {
			isa = PBXGroup;
			children = (
				D7B217B21685CC3B001269EB /* Kache.h */,
				D7B217B31685CC3B001269EB /* Kache.m */,
				D7B217B41685CC3B001269EB /* KCH.h */,
				D7B217B51685CC3B001269EB /* KConfig.h */,
				D7B217B61685CC3B001269EB /* KHolder.h */,
				D7B217B71685CC3B001269EB /* KHolder.m */,
				D7B217B81685CC3B001269EB /* KObject.h */,
				D7B217B91685CC3B001269EB /* KObject.m */,
				D7B217BA1685CC3B001269EB /* KPool.h */,
				D7B217BB1685CC3B001269EB /* KPool.m */,
				D7B217BC1685CC3B001269EB /* KQueue.h */,
				D7B217BD1685CC3B001269EB /* KQueue.m */,
				D7B217BE1685CC3B001269EB /* KUtil.h */,
				D7B217BF1685CC3B001269EB /* KUtil.m */,
			);
			name = Kache;
			path = Support/Kache/Kache;
			sourceTree = "<group>";
		};
		D7C09C68166323090066EAF5 /* images */ = {
			isa = PBXGroup;
			children = (
				D7C09C69166323090066EAF5 /* Default-568h@2x.png */,
				D7C09C6A166323090066EAF5 /* Default.png */,
				D7C09C6B166323090066EAF5 /* Default@2x.png */,
				D70DF7C71688389C00AD1207 /* logout */,
				D7F0AB9416A408100014F39E /* questiondetail */,
				D7A9867C16845EE200AB9A61 /* questionlist */,
				D7D4F31D16635B5B003B43EE /* icons */,
				D7DDB30E1675A050009DD198 /* nav */,
			);
			path = images;
			sourceTree = "<group>";
		};
		D7D4087D168724D000C5C256 /* Resource */ = {
			isa = PBXGroup;
			children = (
				D7E43B6316A66B44001B6FFA /* GetQuestionDetail.js.txt */,
				D7E43B6616A66B57001B6FFA /* GetQuestionAnswer.js.txt */,
				D7D408821687253D00C5C256 /* AnswerDetail.js.txt */,
				D7627872169FCA95007E73B2 /* QuestionDetail.html.txt */,
				D7E43B6816A677B9001B6FFA /* AnswerDetail.html.txt */,
			);
			path = Resource;
			sourceTree = "<group>";
		};
		D7D4F31D16635B5B003B43EE /* icons */ = {
			isa = PBXGroup;
			children = (
				D7D4F31E16635B5B003B43EE /* Icon-72.png */,
				D7D4F31F16635B5B003B43EE /* Icon-Small-50.png */,
				D7D4F32016635B5B003B43EE /* Icon-Small.png */,
				D7D4F32116635B5B003B43EE /* Icon-Small@2x.png */,
				D7D4F32216635B5B003B43EE /* Icon.png */,
				D7D4F32316635B5B003B43EE /* Icon@2x.png */,
				D7D4F32416635B5B003B43EE /* iTunesArtwork.png */,
			);
			path = icons;
			sourceTree = "<group>";
		};
		D7D5D97516DFA07900C25B65 /* Cells */ = {
			isa = PBXGroup;
			children = (
				D7D5D97616DFA09400C25B65 /* SFQuestionListCell.h */,
				D7D5D97716DFA09400C25B65 /* SFQuestionListCell.m */,
			);
			path = Cells;
			sourceTree = "<group>";
		};
		D7DDB30E1675A050009DD198 /* nav */ = {
			isa = PBXGroup;
			children = (
				D7DDB30F1675A050009DD198 /* back_button_background.png */,
				D7DDB3101675A050009DD198 /* back_button_background@2x.png */,
				D7DDB3111675A050009DD198 /* back_button_pressed_background.png */,
				D7DDB3121675A050009DD198 /* back_button_pressed_background@2x.png */,
				D7DDB3131675A050009DD198 /* navigationbar_light_background.png */,
				D7DDB3141675A050009DD198 /* navigationbar_light_background@2x.png */,
				D7DDB3151675A050009DD198 /* slide_navigator_button.png */,
				D7DDB3161675A050009DD198 /* slide_navigator_button@2x.png */,
				D7DDB3171675A050009DD198 /* slide_navigator_button_pressed.png */,
				D7DDB3181675A050009DD198 /* slide_navigator_button_pressed@2x.png */,
				D7DDB3191675A050009DD198 /* slide_navigator_cell_background.png */,
				D7DDB31A1675A050009DD198 /* slide_navigator_cell_background@2x.png */,
				D7DDB31B1675A050009DD198 /* slide_navigator_cell_chevron.png */,
				D7DDB31C1675A050009DD198 /* slide_navigator_cell_chevron@2x.png */,
				D7DDB31D1675A050009DD198 /* slide_navigator_cell_selected_background.png */,
				D7DDB31E1675A050009DD198 /* slide_navigator_cell_selected_background@2x.png */,
				D7DDB31F1675A050009DD198 /* slide_navigator_cell_selected_chevron.png */,
				D7DDB3201675A050009DD198 /* slide_navigator_cell_selected_chevron@2x.png */,
				D7DDB3211675A050009DD198 /* slide_navigator_dark_backgrond.png */,
				D7DDB3221675A050009DD198 /* slide_navigator_dark_backgrond@2x.png */,
				D7DDB3231675A050009DD198 /* slide_navigator_light_backgrond.png */,
				D7DDB3241675A050009DD198 /* slide_navigator_light_backgrond@2x.png */,
				D7DDB3251675A050009DD198 /* slide_navigator_section_header_background.png */,
				D7DDB3261675A050009DD198 /* slide_navigator_section_header_background@2x.png */,
			);
			path = nav;
			sourceTree = "<group>";
		};
		D7F0AB9416A408100014F39E /* questiondetail */ = {
			isa = PBXGroup;
			children = (
				D7F0AB9516A408100014F39E /* question_detail_section_header_background.png */,
				D7F0AB9616A408100014F39E /* question_detail_section_header_background@2x.png */,
			);
			path = questiondetail;
			sourceTree = "<group>";
		};
/* End PBXGroup section */

/* Begin PBXNativeTarget section */
		D77CE21516611B8B00F1BC9E /* SegmentFault */ = {
			isa = PBXNativeTarget;
			buildConfigurationList = D77CE23416611B8C00F1BC9E /* Build configuration list for PBXNativeTarget "SegmentFault" */;
			buildPhases = (
				D77CE21216611B8B00F1BC9E /* Sources */,
				D77CE21316611B8B00F1BC9E /* Frameworks */,
				D77CE21416611B8B00F1BC9E /* Resources */,
			);
			buildRules = (
			);
			dependencies = (
			);
			name = SegmentFault;
			productName = SegmentFault;
			productReference = D77CE21616611B8B00F1BC9E /* SegmentFault.app */;
			productType = "com.apple.product-type.application";
		};
/* End PBXNativeTarget section */

/* Begin PBXProject section */
		D77CE20D16611B8B00F1BC9E /* Project object */ = {
			isa = PBXProject;
			attributes = {
				CLASSPREFIX = SF;
				LastUpgradeCheck = 0450;
				ORGANIZATIONNAME = SegmentFault.com;
			};
			buildConfigurationList = D77CE21016611B8B00F1BC9E /* Build configuration list for PBXProject "SegmentFault" */;
			compatibilityVersion = "Xcode 3.2";
			developmentRegion = English;
			hasScannedForEncodings = 0;
			knownRegions = (
				en,
			);
			mainGroup = D77CE20B16611B8B00F1BC9E;
			productRefGroup = D77CE21716611B8B00F1BC9E /* Products */;
			projectDirPath = "";
			projectRoot = "";
			targets = (
				D77CE21516611B8B00F1BC9E /* SegmentFault */,
			);
		};
/* End PBXProject section */

/* Begin PBXResourcesBuildPhase section */
		D77CE21416611B8B00F1BC9E /* Resources */ = {
			isa = PBXResourcesBuildPhase;
			buildActionMask = 2147483647;
			files = (
				D77CE22516611B8B00F1BC9E /* InfoPlist.strings in Resources */,
				D7C09C6C166323090066EAF5 /* Default-568h@2x.png in Resources */,
				D7C09C6D166323090066EAF5 /* Default.png in Resources */,
				D7C09C6E166323090066EAF5 /* Default@2x.png in Resources */,
				D7D4F32516635B5B003B43EE /* Icon-72.png in Resources */,
				D7D4F32616635B5B003B43EE /* Icon-Small-50.png in Resources */,
				D7D4F32716635B5B003B43EE /* Icon-Small.png in Resources */,
				D7D4F32816635B5B003B43EE /* Icon-Small@2x.png in Resources */,
				D7D4F32916635B5B003B43EE /* Icon.png in Resources */,
				D7D4F32A16635B5B003B43EE /* Icon@2x.png in Resources */,
				D7D4F32B16635B5B003B43EE /* iTunesArtwork.png in Resources */,
				D7DDB3271675A050009DD198 /* back_button_background.png in Resources */,
				D7DDB3281675A050009DD198 /* back_button_background@2x.png in Resources */,
				D7DDB3291675A050009DD198 /* back_button_pressed_background.png in Resources */,
				D7DDB32A1675A050009DD198 /* back_button_pressed_background@2x.png in Resources */,
				D7DDB32B1675A050009DD198 /* navigationbar_light_background.png in Resources */,
				D7DDB32C1675A050009DD198 /* navigationbar_light_background@2x.png in Resources */,
				D7DDB32D1675A050009DD198 /* slide_navigator_button.png in Resources */,
				D7DDB32E1675A050009DD198 /* slide_navigator_button@2x.png in Resources */,
				D7DDB32F1675A050009DD198 /* slide_navigator_button_pressed.png in Resources */,
				D7DDB3301675A050009DD198 /* slide_navigator_button_pressed@2x.png in Resources */,
				D7DDB3311675A050009DD198 /* slide_navigator_cell_background.png in Resources */,
				D7DDB3321675A050009DD198 /* slide_navigator_cell_background@2x.png in Resources */,
				D7DDB3331675A050009DD198 /* slide_navigator_cell_chevron.png in Resources */,
				D7DDB3341675A050009DD198 /* slide_navigator_cell_chevron@2x.png in Resources */,
				D7DDB3351675A050009DD198 /* slide_navigator_cell_selected_background.png in Resources */,
				D7DDB3361675A050009DD198 /* slide_navigator_cell_selected_background@2x.png in Resources */,
				D7DDB3371675A050009DD198 /* slide_navigator_cell_selected_chevron.png in Resources */,
				D7DDB3381675A050009DD198 /* slide_navigator_cell_selected_chevron@2x.png in Resources */,
				D7DDB3391675A050009DD198 /* slide_navigator_dark_backgrond.png in Resources */,
				D7DDB33A1675A050009DD198 /* slide_navigator_dark_backgrond@2x.png in Resources */,
				D7DDB33B1675A050009DD198 /* slide_navigator_light_backgrond.png in Resources */,
				D7DDB33C1675A050009DD198 /* slide_navigator_light_backgrond@2x.png in Resources */,
				D7DDB33D1675A050009DD198 /* slide_navigator_section_header_background.png in Resources */,
				D7DDB33E1675A050009DD198 /* slide_navigator_section_header_background@2x.png in Resources */,
				D7A9868316845EE200AB9A61 /* qlist_cell_pop.png in Resources */,
				D7A9868416845EE200AB9A61 /* qlist_cell_pop@2x.png in Resources */,
				D7A9868516845EE200AB9A61 /* qlist_cell_pop_unanswered.png in Resources */,
				D7A9868616845EE200AB9A61 /* qlist_cell_pop_unanswered@2x.png in Resources */,
				D7A9868716845EE200AB9A61 /* qlist_cell_selected_background.png in Resources */,
				D7A9868816845EE200AB9A61 /* qlist_cell_selected_background@2x.png in Resources */,
				D7734D5D1684B7AB000170FC /* sr_refresh.png in Resources */,
				D7734D5E1684B7AB000170FC /* sr_refresh@2X.png in Resources */,
				D7D408831687253D00C5C256 /* AnswerDetail.js.txt in Resources */,
				D70DF7CC1688389C00AD1207 /* logout_btn.png in Resources */,
				D70DF7CD1688389C00AD1207 /* logout_btn@2x.png in Resources */,
				D70DF7CE1688389C00AD1207 /* logout_btn_pressed.png in Resources */,
				D70DF7CF1688389C00AD1207 /* logout_btn_pressed@2x.png in Resources */,
				D70DF81816883CAA00AD1207 /* goBackItem.png in Resources */,
				D70DF81916883CAA00AD1207 /* goBackItem@2x.png in Resources */,
				D70DF81A16883CAA00AD1207 /* goForwardItem.png in Resources */,
				D70DF81B16883CAA00AD1207 /* goForwardItem@2x.png in Resources */,
				D7627873169FCA95007E73B2 /* QuestionDetail.html.txt in Resources */,
				D7F0AB9716A408100014F39E /* question_detail_section_header_background.png in Resources */,
				D7F0AB9816A408100014F39E /* question_detail_section_header_background@2x.png in Resources */,
				D7E43B6416A66B44001B6FFA /* GetQuestionDetail.js.txt in Resources */,
				D7E43B6716A66B57001B6FFA /* GetQuestionAnswer.js.txt in Resources */,
				D7E43B6916A677B9001B6FFA /* AnswerDetail.html.txt in Resources */,
				D7D5D95C16DF7F5B00C25B65 /* nav_cell_arrow_active.png in Resources */,
				D7D5D95D16DF7F5B00C25B65 /* nav_cell_arrow_active@2x.png in Resources */,
				D7D5D95E16DF7F5B00C25B65 /* nav_cell_arrow.png in Resources */,
				D7D5D95F16DF7F5B00C25B65 /* nav_cell_arrow@2x.png in Resources */,
				D7D5D96016DF7F5B00C25B65 /* nav_cell_bg_active.png in Resources */,
				D7D5D96116DF7F5B00C25B65 /* nav_cell_bg_active@2x.png in Resources */,
				D7D5D96216DF7F5B00C25B65 /* nav_cell_bg.png in Resources */,
				D7D5D96316DF7F5B00C25B65 /* nav_cell_bg@2x.png in Resources */,
				D7D5D96416DF7F5B00C25B65 /* nav_menu.png in Resources */,
				D7D5D96516DF7F5B00C25B65 /* nav_menu@2x.png in Resources */,
				D7D5D96816DF80C600C25B65 /* nav_back.png in Resources */,
				D7D5D96916DF80C600C25B65 /* nav_back@2x.png in Resources */,
				D7D5D96C16DF988F00C25B65 /* nav_bar_bg.png in Resources */,
				D7D5D96D16DF988F00C25B65 /* nav_bar_bg@2x.png in Resources */,
				D7D5D97016DF9B9100C25B65 /* slide_navigator_shadow.png in Resources */,
				D7D5D97116DF9B9100C25B65 /* slide_navigator_shadow@2x.png in Resources */,
				D71B378A16E496CC00E7F87C /* question_list_vote.png in Resources */,
				D71B378B16E496CC00E7F87C /* question_list_vote@2x.png in Resources */,
				D71B4CD316E5C984007484B7 /* question_list_header_bg.png in Resources */,
				D71B4CD416E5C984007484B7 /* question_list_header_bg@2x.png in Resources */,
				D779BF8D16E6F5D600771ECE /* question_list_cell_sep.png in Resources */,
				D779BF8E16E6F5D600771ECE /* question_list_cell_sep@2x.png in Resources */,
			);
			runOnlyForDeploymentPostprocessing = 0;
		};
/* End PBXResourcesBuildPhase section */

/* Begin PBXSourcesBuildPhase section */
		D77CE21216611B8B00F1BC9E /* Sources */ = {
			isa = PBXSourcesBuildPhase;
			buildActionMask = 2147483647;
			files = (
				D77CE22716611B8B00F1BC9E /* main.m in Sources */,
				D7734D5F1684B7AB000170FC /* SRRefreshView.m in Sources */,
				D7734D601684B7AB000170FC /* SRSlimeView.m in Sources */,
				D7734D751684BE93000170FC /* AFHTTPClient.m in Sources */,
				D7734D761684BE93000170FC /* AFHTTPRequestOperation.m in Sources */,
				D7734D771684BE93000170FC /* AFImageRequestOperation.m in Sources */,
				D7734D781684BE93000170FC /* AFJSONRequestOperation.m in Sources */,
				D7734D791684BE93000170FC /* AFNetworkActivityIndicatorManager.m in Sources */,
				D7734D7A1684BE93000170FC /* AFPropertyListRequestOperation.m in Sources */,
				D7734D7B1684BE93000170FC /* AFURLConnectionOperation.m in Sources */,
				D7734D7C1684BE93000170FC /* AFXMLRequestOperation.m in Sources */,
				D7734D7D1684BE93000170FC /* UIImageView+AFNetworking.m in Sources */,
				D7B217C01685CC3B001269EB /* Kache.m in Sources */,
				D7B217C11685CC3B001269EB /* KHolder.m in Sources */,
				D7B217C21685CC3B001269EB /* KObject.m in Sources */,
				D7B217C31685CC3B001269EB /* KPool.m in Sources */,
				D7B217C41685CC3B001269EB /* KQueue.m in Sources */,
				D7B217C51685CC3B001269EB /* KUtil.m in Sources */,
				D70DF7B7168805D300AD1207 /* JSONKit.m in Sources */,
				D70DF81C16883CAA00AD1207 /* UMNavigationController.m in Sources */,
				D70DF81D16883CAA00AD1207 /* UMSlideNavigationController.m in Sources */,
				D70DF81E16883CAA00AD1207 /* UMTools.m in Sources */,
				D70DF81F16883CAA00AD1207 /* UMViewController.m in Sources */,
				D70DF82016883CAA00AD1207 /* UMWebViewController.m in Sources */,
				D79D2E8C16A2DF2B00BC74DC /* SFQuestion.m in Sources */,
				D79D2E8D16A2DF2B00BC74DC /* SFAppDelegate.m in Sources */,
				D79D2E8E16A2DF2B00BC74DC /* SFLoginService.m in Sources */,
				D79D2E8F16A2DF2B00BC74DC /* SFQuestionService.m in Sources */,
				D79D2E9016A2DF2B00BC74DC /* SFTools.m in Sources */,
				D79D2E9116A2DF2B00BC74DC /* SFRootViewController.m in Sources */,
				D79D2E9216A2DF2B00BC74DC /* SFWebViewController.m in Sources */,
				D79D2E9316A2DF2B00BC74DC /* SFLoginViewController.m in Sources */,
				D79D2E9416A2DF2B00BC74DC /* SFQuestionDetailViewController.m in Sources */,
				D79D2E9516A2DF2B00BC74DC /* SFQuestionListViewController.m in Sources */,
				D79D2E9716A2DF2B00BC74DC /* SFLocalWebView.m in Sources */,
				D79D2E9C16A2E07800BC74DC /* SFSlideNavViewController.m in Sources */,
				D79D2E9F16A2F78B00BC74DC /* SFMessager.m in Sources */,
				D7D5D97816DFA09400C25B65 /* SFQuestionListCell.m in Sources */,
				D78452BB16E0698100FFBAB9 /* SFLabel.m in Sources */,
				453D55A9172CFAF9000C5533 /* GTMNSString+HTML.m in Sources */,
			);
			runOnlyForDeploymentPostprocessing = 0;
		};
/* End PBXSourcesBuildPhase section */

/* Begin PBXVariantGroup section */
		D77CE22316611B8B00F1BC9E /* InfoPlist.strings */ = {
			isa = PBXVariantGroup;
			children = (
				D77CE22416611B8B00F1BC9E /* en */,
			);
			name = InfoPlist.strings;
			sourceTree = "<group>";
		};
/* End PBXVariantGroup section */

/* Begin XCBuildConfiguration section */
		D77CE23216611B8C00F1BC9E /* Debug */ = {
			isa = XCBuildConfiguration;
			buildSettings = {
				ALWAYS_SEARCH_USER_PATHS = NO;
				CLANG_CXX_LANGUAGE_STANDARD = "gnu++0x";
				CLANG_CXX_LIBRARY = "libc++";
				CLANG_ENABLE_OBJC_ARC = YES;
				CLANG_WARN_EMPTY_BODY = YES;
				CLANG_WARN__DUPLICATE_METHOD_MATCH = YES;
				CODE_SIGN_IDENTITY = "iPhone Developer: Jiajun Gao (SXQ4APL29D)";
				"CODE_SIGN_IDENTITY[sdk=iphoneos*]" = "iPhone Developer: Jiajun Gao (SXQ4APL29D)";
				COPY_PHASE_STRIP = NO;
				GCC_C_LANGUAGE_STANDARD = gnu99;
				GCC_DYNAMIC_NO_PIC = NO;
				GCC_OPTIMIZATION_LEVEL = 0;
				GCC_PREPROCESSOR_DEFINITIONS = (
					"DEBUG=1",
					"$(inherited)",
				);
				GCC_SYMBOLS_PRIVATE_EXTERN = NO;
				GCC_WARN_ABOUT_RETURN_TYPE = YES;
				GCC_WARN_UNINITIALIZED_AUTOS = YES;
				GCC_WARN_UNUSED_VARIABLE = YES;
				IPHONEOS_DEPLOYMENT_TARGET = 5.0;
				ONLY_ACTIVE_ARCH = YES;
				PROVISIONING_PROFILE = "E5C128D9-2487-4E15-88B6-FDE043343538";
				"PROVISIONING_PROFILE[sdk=iphoneos*]" = "E5C128D9-2487-4E15-88B6-FDE043343538";
				SDKROOT = iphoneos;
			};
			name = Debug;
		};
		D77CE23316611B8C00F1BC9E /* Release */ = {
			isa = XCBuildConfiguration;
			buildSettings = {
				ALWAYS_SEARCH_USER_PATHS = NO;
				CLANG_CXX_LANGUAGE_STANDARD = "gnu++0x";
				CLANG_CXX_LIBRARY = "libc++";
				CLANG_ENABLE_OBJC_ARC = YES;
				CLANG_WARN_EMPTY_BODY = YES;
				CLANG_WARN__DUPLICATE_METHOD_MATCH = YES;
				CODE_SIGN_IDENTITY = "iPhone Developer: Jiajun Gao (SXQ4APL29D)";
				"CODE_SIGN_IDENTITY[sdk=iphoneos*]" = "iPhone Developer: Jiajun Gao (SXQ4APL29D)";
				COPY_PHASE_STRIP = YES;
				GCC_C_LANGUAGE_STANDARD = gnu99;
				GCC_WARN_ABOUT_RETURN_TYPE = YES;
				GCC_WARN_UNINITIALIZED_AUTOS = YES;
				GCC_WARN_UNUSED_VARIABLE = YES;
				IPHONEOS_DEPLOYMENT_TARGET = 5.0;
				OTHER_CFLAGS = "-DNS_BLOCK_ASSERTIONS=1";
				PROVISIONING_PROFILE = "E5C128D9-2487-4E15-88B6-FDE043343538";
				"PROVISIONING_PROFILE[sdk=iphoneos*]" = "E5C128D9-2487-4E15-88B6-FDE043343538";
				SDKROOT = iphoneos;
				VALIDATE_PRODUCT = YES;
			};
			name = Release;
		};
		D77CE23516611B8C00F1BC9E /* Debug */ = {
			isa = XCBuildConfiguration;
			buildSettings = {
				CODE_SIGN_IDENTITY = "iPhone Developer: Jiajun Gao (SXQ4APL29D)";
				"CODE_SIGN_IDENTITY[sdk=iphoneos*]" = "iPhone Developer: Jiajun Gao (SXQ4APL29D)";
				GCC_PRECOMPILE_PREFIX_HEADER = YES;
				GCC_PREFIX_HEADER = "SegmentFault/SegmentFault-Prefix.pch";
				INFOPLIST_FILE = "SegmentFault/SegmentFault-Info.plist";
				PRODUCT_NAME = "$(TARGET_NAME)";
				PROVISIONING_PROFILE = "3BF43E1E-50E2-4A83-8EAE-29AF10008796";
				"PROVISIONING_PROFILE[sdk=iphoneos*]" = "3BF43E1E-50E2-4A83-8EAE-29AF10008796";
				SDKROOT = iphoneos;
				WRAPPER_EXTENSION = app;
			};
			name = Debug;
		};
		D77CE23616611B8C00F1BC9E /* Release */ = {
			isa = XCBuildConfiguration;
			buildSettings = {
				CODE_SIGN_IDENTITY = "iPhone Distribution: Jiajun Gao";
				"CODE_SIGN_IDENTITY[sdk=iphoneos*]" = "iPhone Distribution: Jiajun Gao";
				GCC_PRECOMPILE_PREFIX_HEADER = YES;
				GCC_PREFIX_HEADER = "SegmentFault/SegmentFault-Prefix.pch";
				INFOPLIST_FILE = "SegmentFault/SegmentFault-Info.plist";
				PRODUCT_NAME = "$(TARGET_NAME)";
				PROVISIONING_PROFILE = "C4B24950-030E-48A7-AD9E-954C5E896DF2";
				"PROVISIONING_PROFILE[sdk=iphoneos*]" = "C4B24950-030E-48A7-AD9E-954C5E896DF2";
				SDKROOT = iphoneos;
				WRAPPER_EXTENSION = app;
			};
			name = Release;
		};
/* End XCBuildConfiguration section */

/* Begin XCConfigurationList section */
		D77CE21016611B8B00F1BC9E /* Build configuration list for PBXProject "SegmentFault" */ = {
			isa = XCConfigurationList;
			buildConfigurations = (
				D77CE23216611B8C00F1BC9E /* Debug */,
				D77CE23316611B8C00F1BC9E /* Release */,
			);
			defaultConfigurationIsVisible = 0;
			defaultConfigurationName = Release;
		};
		D77CE23416611B8C00F1BC9E /* Build configuration list for PBXNativeTarget "SegmentFault" */ = {
			isa = XCConfigurationList;
			buildConfigurations = (
				D77CE23516611B8C00F1BC9E /* Debug */,
				D77CE23616611B8C00F1BC9E /* Release */,
			);
			defaultConfigurationIsVisible = 0;
			defaultConfigurationName = Release;
		};
/* End XCConfigurationList section */
	};
	rootObject = D77CE20D16611B8B00F1BC9E /* Project object */;
}
